// !$*UTF8*$!
{
	archiveVersion = 1;
	classes = {
	};
	objectVersion = 54;
	objects = {

/* Begin PBXBuildFile section */
		15D3A0E406C1BDF8FA32C232 /* WeddingGuestView.swift in Sources */ = {isa = PBXBuildFile; fileRef = 920793173075A4ED00793E7B /* WeddingGuestView.swift */; };
		18DB3B8A84C6E025CD1C7ABD /* GuestExperienceView.swift in Sources */ = {isa = PBXBuildFile; fileRef = 920793193075A54700793E7B /* GuestExperienceView.swift */; };
		39A7344B1B12E0CF9FBAB7F6 /* MaqrClipApp.swift in Sources */ = {isa = PBXBuildFile; fileRef = 957660812076AFF97C505C2B /* MaqrClipApp.swift */; };
		46221C42F66DADBB16D000D1 /* GuestTheme.swift in Sources */ = {isa = PBXBuildFile; fileRef = 920793163075A46400793E7B /* GuestTheme.swift */; };
		47E611AA6D3288D9BF19EDD4 /* GuestLoaderView.swift in Sources */ = {isa = PBXBuildFile; fileRef = 9207931A3075A55200793E7B /* GuestLoaderView.swift */; };
		5E3279AC8E699E79276524F4 /* GuestExperienceView.swift in Sources */ = {isa = PBXBuildFile; fileRef = 920793193075A54700793E7B /* GuestExperienceView.swift */; };
		86A4019F756A5D5D61E42A12 /* GuestExperience in Frameworks */ = {isa = PBXBuildFile; productRef = 6338212C3E157485904ABCD4 /* GuestExperience */; };
		877E1FFE5F5BF77B1BE3BF4B /* StoreKitPurchases.swift in Sources */ = {isa = PBXBuildFile; fileRef = 878B5A013970554735C1619F /* StoreKitPurchases.swift */; };
		9202D3D92659B6E900D5974F /* Assets.xcassets in Resources */ = {isa = PBXBuildFile; fileRef = 9202D3D82659B6E900D5974F /* Assets.xcassets */; };
		9202D40E2659BC0E00D5974F /* Assets.xcassets in Resources */ = {isa = PBXBuildFile; fileRef = 9202D40D2659BC0E00D5974F /* Assets.xcassets */; };
		9202D42C2659BC0E00D5974F /* MaqrClip.app in Embed App Clips */ = {isa = PBXBuildFile; fileRef = 9202D4072659BC0B00D5974F /* MaqrClip.app */; settings = {ATTRIBUTES = (RemoveHeadersOnCopy, ); }; };
		920793123075908F00793E7B /* DesignerTypePicker.swift in Sources */ = {isa = PBXBuildFile; fileRef = 920793113075908F00793E7B /* DesignerTypePicker.swift */; };
		92079314307590A700793E7B /* DesignerRichText.swift in Sources */ = {isa = PBXBuildFile; fileRef = 92079313307590A700793E7B /* DesignerRichText.swift */; };
		921F6C3926BE9DF80061D236 /* Preview Assets.xcassets in Resources */ = {isa = PBXBuildFile; fileRef = 921F6C3826BE9DF80061D236 /* Preview Assets.xcassets */; };
		92562E2E266C003D004972E6 /* Assets.xcassets in Resources */ = {isa = PBXBuildFile; fileRef = 9202D40D2659BC0E00D5974F /* Assets.xcassets */; };
		92A69A5E30745831001DD663 /* ExperienceDesignerHost.swift in Sources */ = {isa = PBXBuildFile; fileRef = 92A69A5D30745831001DD663 /* ExperienceDesignerHost.swift */; };
		92A69A603074583D001DD663 /* DesignerStyle.swift in Sources */ = {isa = PBXBuildFile; fileRef = 92A69A5F3074583D001DD663 /* DesignerStyle.swift */; };
		92A69A6130743CD9001DD663 /* ExperienceModel in Frameworks */ = {isa = PBXBuildFile; productRef = 92A69A6030743CD9001DD663 /* ExperienceModel */; };
		92A69A6230745857001DD663 /* DesignerForm.swift in Sources */ = {isa = PBXBuildFile; fileRef = 92A69A6130745857001DD663 /* DesignerForm.swift */; };
		92A69A6430745871001DD663 /* DesignerPanes.swift in Sources */ = {isa = PBXBuildFile; fileRef = 92A69A6330745871001DD663 /* DesignerPanes.swift */; };
		92A69A68307458A8001DD663 /* ExperienceDesignerView.swift in Sources */ = {isa = PBXBuildFile; fileRef = 92A69A67307458A8001DD663 /* ExperienceDesignerView.swift */; };
		92C1A24B26626BF800A11E0F /* env.json in Resources */ = {isa = PBXBuildFile; fileRef = 929BA5CB24C7925F00B11188 /* env.json */; };
		92C1A24C26626BF900A11E0F /* env.json in Resources */ = {isa = PBXBuildFile; fileRef = 929BA5CB24C7925F00B11188 /* env.json */; };
		92D45B0130F0000100A1B2C3 /* MaqrDashboard in Frameworks */ = {isa = PBXBuildFile; productRef = 92D45B0230F0000100A1B2C3 /* MaqrDashboard */; };
		92E485283075698600654001 /* Localizable.xcstrings in Resources */ = {isa = PBXBuildFile; fileRef = 92E485273075698600654001 /* Localizable.xcstrings */; };
		92E485293075698600654001 /* Localizable.xcstrings in Resources */ = {isa = PBXBuildFile; fileRef = 92E485273075698600654001 /* Localizable.xcstrings */; };
		92E4852F307569FB00654001 /* Theme.swift in Sources */ = {isa = PBXBuildFile; fileRef = 92E4852E307569FB00654001 /* Theme.swift */; };
		92E4853130756A3D00654001 /* AppModel.swift in Sources */ = {isa = PBXBuildFile; fileRef = 92E4853030756A3D00654001 /* AppModel.swift */; };
		92E4853330756A6100654001 /* RemoteContent.swift in Sources */ = {isa = PBXBuildFile; fileRef = 92E4853230756A6100654001 /* RemoteContent.swift */; };
		92E4853530756A6100654001 /* CodeViews.swift in Sources */ = {isa = PBXBuildFile; fileRef = 92E4853430756A6100654001 /* CodeViews.swift */; };
		92E4853730756A6100654001 /* WebHandoffSheet.swift in Sources */ = {isa = PBXBuildFile; fileRef = 92E4853630756A6100654001 /* WebHandoffSheet.swift */; };
		92E4853930756A8100654001 /* DashboardRoot.swift in Sources */ = {isa = PBXBuildFile; fileRef = 92E4853830756A8100654001 /* DashboardRoot.swift */; };
		92E4853B30756A9100654001 /* MaqrApp.swift in Sources */ = {isa = PBXBuildFile; fileRef = 92E4853A30756A9100654001 /* MaqrApp.swift */; };
		92E4853D30756AAD00654001 /* Cards.swift in Sources */ = {isa = PBXBuildFile; fileRef = 92E4853C30756AAD00654001 /* Cards.swift */; };
		92E4853F30756ADB00654001 /* BrowseScreens.swift in Sources */ = {isa = PBXBuildFile; fileRef = 92E4853E30756ADB00654001 /* BrowseScreens.swift */; };
		92E4854130756B1B00654001 /* ExperienceScreens.swift in Sources */ = {isa = PBXBuildFile; fileRef = 92E4854030756B1B00654001 /* ExperienceScreens.swift */; };
		92E4854330756B5100654001 /* GuestScreens.swift in Sources */ = {isa = PBXBuildFile; fileRef = 92E4854230756B5100654001 /* GuestScreens.swift */; };
		92E4854530756B8E00654001 /* PublishingScreens.swift in Sources */ = {isa = PBXBuildFile; fileRef = 92E4854430756B8E00654001 /* PublishingScreens.swift */; };
		92E4854730756BE600654001 /* AppClipScreens.swift in Sources */ = {isa = PBXBuildFile; fileRef = 92E4854630756BE600654001 /* AppClipScreens.swift */; };
		92E4854930756BE700654001 /* AccountScreens.swift in Sources */ = {isa = PBXBuildFile; fileRef = 92E4854830756BE700654001 /* AccountScreens.swift */; };
		9737779041C4F4E2243A237B /* ExperienceModel in Frameworks */ = {isa = PBXBuildFile; productRef = F50C9865F6EF5F36623F9DAB /* ExperienceModel */; };
		9BD5FCFE93E7E54800C689AA /* MaqrDashboard in Frameworks */ = {isa = PBXBuildFile; productRef = 2F8F786339118F4A036E8CFF /* MaqrDashboard */; };
		B6F7C238F245DCC848947688 /* GuestShareViews.swift in Sources */ = {isa = PBXBuildFile; fileRef = 920793183075A51200793E7B /* GuestShareViews.swift */; };
		D341706E066F7F5D3F5DCB99 /* GuestShareViews.swift in Sources */ = {isa = PBXBuildFile; fileRef = 920793183075A51200793E7B /* GuestShareViews.swift */; };
		D37AB96EDCD53BDB3AC06213 /* GuestTheme.swift in Sources */ = {isa = PBXBuildFile; fileRef = 920793163075A46400793E7B /* GuestTheme.swift */; };
		E48CDC92DC38B1B3671D6816 /* GuestExperience in Frameworks */ = {isa = PBXBuildFile; productRef = C858C6D2808DCEB64B19C6E8 /* GuestExperience */; };
		EAA59FD848A765513FB0CF15 /* WeddingGuestView.swift in Sources */ = {isa = PBXBuildFile; fileRef = 920793173075A4ED00793E7B /* WeddingGuestView.swift */; };
		EDD2E43E33818C92E09E4762 /* GuestLoaderView.swift in Sources */ = {isa = PBXBuildFile; fileRef = 9207931A3075A55200793E7B /* GuestLoaderView.swift */; };
/* End PBXBuildFile section */

/* Begin PBXContainerItemProxy section */
		9202D42A2659BC0E00D5974F /* PBXContainerItemProxy */ = {
			isa = PBXContainerItemProxy;
			containerPortal = 92F379D72363534D005FE2AB /* Project object */;
			proxyType = 1;
			remoteGlobalIDString = 9202D4062659BC0B00D5974F;
			remoteInfo = SmartzClip;
		};
/* End PBXContainerItemProxy section */

/* Begin PBXCopyFilesBuildPhase section */
		920250C426E565C900725A80 /* Embed Frameworks */ = {
			isa = PBXCopyFilesBuildPhase;
			buildActionMask = 2147483647;
			dstPath = "";
			dstSubfolderSpec = 10;
			files = (
			);
			name = "Embed Frameworks";
			runOnlyForDeploymentPostprocessing = 0;
		};
		9202D4012659B72800D5974F /* Embed Frameworks */ = {
			isa = PBXCopyFilesBuildPhase;
			buildActionMask = 2147483647;
			dstPath = "";
			dstSubfolderSpec = 10;
			files = (
			);
			name = "Embed Frameworks";
			runOnlyForDeploymentPostprocessing = 0;
		};
		9202D4302659BC0E00D5974F /* Embed App Clips */ = {
			isa = PBXCopyFilesBuildPhase;
			buildActionMask = 2147483647;
			dstPath = "$(CONTENTS_FOLDER_PATH)/AppClips";
			dstSubfolderSpec = 16;
			files = (
				9202D42C2659BC0E00D5974F /* MaqrClip.app in Embed App Clips */,
			);
			name = "Embed App Clips";
			runOnlyForDeploymentPostprocessing = 0;
		};
/* End PBXCopyFilesBuildPhase section */

/* Begin PBXFileReference section */
		686C3A84749948155E996869 /* Maqr.storekit */ = {isa = PBXFileReference; includeInIndex = 1; lastKnownFileType = text; path = Maqr.storekit; sourceTree = "<group>"; };
		878B5A013970554735C1619F /* StoreKitPurchases.swift */ = {isa = PBXFileReference; includeInIndex = 1; lastKnownFileType = sourcecode.swift; path = StoreKitPurchases.swift; sourceTree = "<group>"; };
		9202D3D22659B6E700D5974F /* Maqr.app */ = {isa = PBXFileReference; explicitFileType = wrapper.application; includeInIndex = 0; path = Maqr.app; sourceTree = BUILT_PRODUCTS_DIR; };
		9202D3D82659B6E900D5974F /* Assets.xcassets */ = {isa = PBXFileReference; lastKnownFileType = folder.assetcatalog; path = Assets.xcassets; sourceTree = "<group>"; };
		9202D3DD2659B6E900D5974F /* Info.plist */ = {isa = PBXFileReference; lastKnownFileType = text.plist.xml; path = Info.plist; sourceTree = "<group>"; };
		9202D4022659B7CD00D5974F /* Maqr.entitlements */ = {isa = PBXFileReference; lastKnownFileType = text.plist.entitlements; path = Maqr.entitlements; sourceTree = "<group>"; };
		9202D4072659BC0B00D5974F /* MaqrClip.app */ = {isa = PBXFileReference; explicitFileType = wrapper.application; includeInIndex = 0; path = MaqrClip.app; sourceTree = BUILT_PRODUCTS_DIR; };
		9202D40D2659BC0E00D5974F /* Assets.xcassets */ = {isa = PBXFileReference; lastKnownFileType = folder.assetcatalog; path = Assets.xcassets; sourceTree = "<group>"; };
		9202D4102659BC0E00D5974F /* Preview Assets.xcassets */ = {isa = PBXFileReference; lastKnownFileType = folder.assetcatalog; path = "Preview Assets.xcassets"; sourceTree = "<group>"; };
		9202D4122659BC0E00D5974F /* Info.plist */ = {isa = PBXFileReference; lastKnownFileType = text.plist.xml; path = Info.plist; sourceTree = "<group>"; };
		9202D4132659BC0E00D5974F /* SmartzClip.entitlements */ = {isa = PBXFileReference; lastKnownFileType = text.plist.entitlements; path = SmartzClip.entitlements; sourceTree = "<group>"; };
		920793113075908F00793E7B /* DesignerTypePicker.swift */ = {isa = PBXFileReference; lastKnownFileType = sourcecode.swift; path = DesignerTypePicker.swift; sourceTree = "<group>"; };
		92079313307590A700793E7B /* DesignerRichText.swift */ = {isa = PBXFileReference; lastKnownFileType = sourcecode.swift; path = DesignerRichText.swift; sourceTree = "<group>"; };
		920793163075A46400793E7B /* GuestTheme.swift */ = {isa = PBXFileReference; lastKnownFileType = sourcecode.swift; path = GuestTheme.swift; sourceTree = "<group>"; };
		920793173075A4ED00793E7B /* WeddingGuestView.swift */ = {isa = PBXFileReference; lastKnownFileType = sourcecode.swift; path = WeddingGuestView.swift; sourceTree = "<group>"; };
		920793183075A51200793E7B /* GuestShareViews.swift */ = {isa = PBXFileReference; lastKnownFileType = sourcecode.swift; path = GuestShareViews.swift; sourceTree = "<group>"; };
		920793193075A54700793E7B /* GuestExperienceView.swift */ = {isa = PBXFileReference; lastKnownFileType = sourcecode.swift; path = GuestExperienceView.swift; sourceTree = "<group>"; };
		9207931A3075A55200793E7B /* GuestLoaderView.swift */ = {isa = PBXFileReference; lastKnownFileType = sourcecode.swift; path = GuestLoaderView.swift; sourceTree = "<group>"; };
		921F6C3826BE9DF80061D236 /* Preview Assets.xcassets */ = {isa = PBXFileReference; lastKnownFileType = folder.assetcatalog; path = "Preview Assets.xcassets"; sourceTree = "<group>"; };
		9234320D23BFD2F700E24E96 /* NotificationCenter.framework */ = {isa = PBXFileReference; lastKnownFileType = wrapper.framework; name = NotificationCenter.framework; path = System/Library/Frameworks/NotificationCenter.framework; sourceTree = SDKROOT; };
		929BA5CB24C7925F00B11188 /* env.json */ = {isa = PBXFileReference; fileEncoding = 4; lastKnownFileType = text.json; path = env.json; sourceTree = "<group>"; };
		92A2EDE024D001EE00D6640A /* MapKit.framework */ = {isa = PBXFileReference; lastKnownFileType = wrapper.framework; name = MapKit.framework; path = System/Library/Frameworks/MapKit.framework; sourceTree = SDKROOT; };
		92A69A5730743BE2001DD663 /* MaqrCore */ = {isa = PBXFileReference; lastKnownFileType = wrapper; path = MaqrCore; sourceTree = "<group>"; };
		92A69A5D30745831001DD663 /* ExperienceDesignerHost.swift */ = {isa = PBXFileReference; lastKnownFileType = sourcecode.swift; path = ExperienceDesignerHost.swift; sourceTree = "<group>"; };
		92A69A5F3074583D001DD663 /* DesignerStyle.swift */ = {isa = PBXFileReference; lastKnownFileType = sourcecode.swift; path = DesignerStyle.swift; sourceTree = "<group>"; };
		92A69A6130745857001DD663 /* DesignerForm.swift */ = {isa = PBXFileReference; lastKnownFileType = sourcecode.swift; path = DesignerForm.swift; sourceTree = "<group>"; };
		92A69A6330745871001DD663 /* DesignerPanes.swift */ = {isa = PBXFileReference; lastKnownFileType = sourcecode.swift; path = DesignerPanes.swift; sourceTree = "<group>"; };
		92A69A67307458A8001DD663 /* ExperienceDesignerView.swift */ = {isa = PBXFileReference; lastKnownFileType = sourcecode.swift; path = ExperienceDesignerView.swift; sourceTree = "<group>"; };
		92E485273075698600654001 /* Localizable.xcstrings */ = {isa = PBXFileReference; lastKnownFileType = text.json.xcstrings; path = Localizable.xcstrings; sourceTree = "<group>"; };
		92E4852E307569FB00654001 /* Theme.swift */ = {isa = PBXFileReference; lastKnownFileType = sourcecode.swift; path = Theme.swift; sourceTree = "<group>"; };
		92E4853030756A3D00654001 /* AppModel.swift */ = {isa = PBXFileReference; lastKnownFileType = sourcecode.swift; path = AppModel.swift; sourceTree = "<group>"; };
		92E4853230756A6100654001 /* RemoteContent.swift */ = {isa = PBXFileReference; lastKnownFileType = sourcecode.swift; path = RemoteContent.swift; sourceTree = "<group>"; };
		92E4853430756A6100654001 /* CodeViews.swift */ = {isa = PBXFileReference; lastKnownFileType = sourcecode.swift; path = CodeViews.swift; sourceTree = "<group>"; };
		92E4853630756A6100654001 /* WebHandoffSheet.swift */ = {isa = PBXFileReference; lastKnownFileType = sourcecode.swift; path = WebHandoffSheet.swift; sourceTree = "<group>"; };
		92E4853830756A8100654001 /* DashboardRoot.swift */ = {isa = PBXFileReference; lastKnownFileType = sourcecode.swift; path = DashboardRoot.swift; sourceTree = "<group>"; };
		92E4853A30756A9100654001 /* MaqrApp.swift */ = {isa = PBXFileReference; lastKnownFileType = sourcecode.swift; path = MaqrApp.swift; sourceTree = "<group>"; };
		92E4853C30756AAD00654001 /* Cards.swift */ = {isa = PBXFileReference; lastKnownFileType = sourcecode.swift; path = Cards.swift; sourceTree = "<group>"; };
		92E4853E30756ADB00654001 /* BrowseScreens.swift */ = {isa = PBXFileReference; lastKnownFileType = sourcecode.swift; path = BrowseScreens.swift; sourceTree = "<group>"; };
		92E4854030756B1B00654001 /* ExperienceScreens.swift */ = {isa = PBXFileReference; lastKnownFileType = sourcecode.swift; path = ExperienceScreens.swift; sourceTree = "<group>"; };
		92E4854230756B5100654001 /* GuestScreens.swift */ = {isa = PBXFileReference; lastKnownFileType = sourcecode.swift; path = GuestScreens.swift; sourceTree = "<group>"; };
		92E4854430756B8E00654001 /* PublishingScreens.swift */ = {isa = PBXFileReference; lastKnownFileType = sourcecode.swift; path = PublishingScreens.swift; sourceTree = "<group>"; };
		92E4854630756BE600654001 /* AppClipScreens.swift */ = {isa = PBXFileReference; lastKnownFileType = sourcecode.swift; path = AppClipScreens.swift; sourceTree = "<group>"; };
		92E4854830756BE700654001 /* AccountScreens.swift */ = {isa = PBXFileReference; lastKnownFileType = sourcecode.swift; path = AccountScreens.swift; sourceTree = "<group>"; };
		957660812076AFF97C505C2B /* MaqrClipApp.swift */ = {isa = PBXFileReference; includeInIndex = 1; lastKnownFileType = sourcecode.swift; path = MaqrClipApp.swift; sourceTree = "<group>"; };
/* End PBXFileReference section */

/* Begin PBXFrameworksBuildPhase section */
		9202D3CF2659B6E700D5974F /* Frameworks */ = {
			isa = PBXFrameworksBuildPhase;
			buildActionMask = 2147483647;
			files = (
				92A69A6130743CD9001DD663 /* ExperienceModel in Frameworks */,
				92D45B0130F0000100A1B2C3 /* MaqrDashboard in Frameworks */,
				86A4019F756A5D5D61E42A12 /* GuestExperience in Frameworks */,
			);
			runOnlyForDeploymentPostprocessing = 0;
		};
		9202D4042659BC0B00D5974F /* Frameworks */ = {
			isa = PBXFrameworksBuildPhase;
			buildActionMask = 2147483647;
			files = (
				E48CDC92DC38B1B3671D6816 /* GuestExperience in Frameworks */,
				9BD5FCFE93E7E54800C689AA /* MaqrDashboard in Frameworks */,
				9737779041C4F4E2243A237B /* ExperienceModel in Frameworks */,
			);
			runOnlyForDeploymentPostprocessing = 0;
		};
/* End PBXFrameworksBuildPhase section */

/* Begin PBXGroup section */
		9202D3D32659B6E700D5974F /* Maqr */ = {
			isa = PBXGroup;
			children = (
				92F1D5F92708CF5B00D0743B /* StoreKit */,
				921F6C3726BE9DF80061D236 /* Preview Content */,
				9202D3DD2659B6E900D5974F /* Info.plist */,
				9202D4022659B7CD00D5974F /* Maqr.entitlements */,
				9202D3D82659B6E900D5974F /* Assets.xcassets */,
				92A69A5C30745831001DD663 /* ExperienceDesigner */,
				92E485273075698600654001 /* Localizable.xcstrings */,
				92E4852B307569DF00654001 /* Dashboard */,
			);
			path = Maqr;
			sourceTree = "<group>";
		};
		9202D4082659BC0B00D5974F /* MaqrClip */ = {
			isa = PBXGroup;
			children = (
				9202D40D2659BC0E00D5974F /* Assets.xcassets */,
				9202D4122659BC0E00D5974F /* Info.plist */,
				9202D4132659BC0E00D5974F /* SmartzClip.entitlements */,
				9202D40F2659BC0E00D5974F /* Preview Content */,
				957660812076AFF97C505C2B /* MaqrClipApp.swift */,
			);
			path = MaqrClip;
			sourceTree = "<group>";
		};
		9202D40F2659BC0E00D5974F /* Preview Content */ = {
			isa = PBXGroup;
			children = (
				9202D4102659BC0E00D5974F /* Preview Assets.xcassets */,
			);
			path = "Preview Content";
			sourceTree = "<group>";
		};
		920793153075A46400793E7B /* Guest */ = {
			isa = PBXGroup;
			children = (
				920793163075A46400793E7B /* GuestTheme.swift */,
				920793173075A4ED00793E7B /* WeddingGuestView.swift */,
				920793183075A51200793E7B /* GuestShareViews.swift */,
				920793193075A54700793E7B /* GuestExperienceView.swift */,
				9207931A3075A55200793E7B /* GuestLoaderView.swift */,
			);
			path = Guest;
			sourceTree = "<group>";
		};
		921F6C3726BE9DF80061D236 /* Preview Content */ = {
			isa = PBXGroup;
			children = (
				921F6C3826BE9DF80061D236 /* Preview Assets.xcassets */,
			);
			path = "Preview Content";
			sourceTree = "<group>";
		};
		92A69A5C30745831001DD663 /* ExperienceDesigner */ = {
			isa = PBXGroup;
			children = (
				92A69A5D30745831001DD663 /* ExperienceDesignerHost.swift */,
				92A69A5F3074583D001DD663 /* DesignerStyle.swift */,
				92A69A6130745857001DD663 /* DesignerForm.swift */,
				92A69A6330745871001DD663 /* DesignerPanes.swift */,
				92A69A67307458A8001DD663 /* ExperienceDesignerView.swift */,
				920793113075908F00793E7B /* DesignerTypePicker.swift */,
				92079313307590A700793E7B /* DesignerRichText.swift */,
			);
			path = ExperienceDesigner;
			sourceTree = "<group>";
		};
		92E4852B307569DF00654001 /* Dashboard */ = {
			isa = PBXGroup;
			children = (
				92E4852C307569E200654001 /* Components */,
				92E4852D307569E200654001 /* Screens */,
				92E4853030756A3D00654001 /* AppModel.swift */,
				92E4853830756A8100654001 /* DashboardRoot.swift */,
				92E4853A30756A9100654001 /* MaqrApp.swift */,
			);
			path = Dashboard;
			sourceTree = "<group>";
		};
		92E4852C307569E200654001 /* Components */ = {
			isa = PBXGroup;
			children = (
				92E4852E307569FB00654001 /* Theme.swift */,
				92E4853230756A6100654001 /* RemoteContent.swift */,
				92E4853430756A6100654001 /* CodeViews.swift */,
				92E4853630756A6100654001 /* WebHandoffSheet.swift */,
				92E4853C30756AAD00654001 /* Cards.swift */,
				878B5A013970554735C1619F /* StoreKitPurchases.swift */,
			);
			path = Components;
			sourceTree = "<group>";
		};
		92E4852D307569E200654001 /* Screens */ = {
			isa = PBXGroup;
			children = (
				92E4853E30756ADB00654001 /* BrowseScreens.swift */,
				92E4854030756B1B00654001 /* ExperienceScreens.swift */,
				92E4854230756B5100654001 /* GuestScreens.swift */,
				92E4854430756B8E00654001 /* PublishingScreens.swift */,
				92E4854630756BE600654001 /* AppClipScreens.swift */,
				92E4854830756BE700654001 /* AccountScreens.swift */,
			);
			path = Screens;
			sourceTree = "<group>";
		};
		92F1D5F92708CF5B00D0743B /* StoreKit */ = {
			isa = PBXGroup;
			children = (
				686C3A84749948155E996869 /* Maqr.storekit */,
			);
			path = StoreKit;
			sourceTree = "<group>";
		};
		92F379D62363534D005FE2AB = {
			isa = PBXGroup;
			children = (
				929BA5CB24C7925F00B11188 /* env.json */,
				92A69A5730743BE2001DD663 /* MaqrCore */,
				9202D3D32659B6E700D5974F /* Maqr */,
				9202D4082659BC0B00D5974F /* MaqrClip */,
				92F379E02363534D005FE2AB /* Products */,
				92F37A18236458F2005FE2AB /* Frameworks */,
				920793153075A46400793E7B /* Guest */,
			);
			sourceTree = "<group>";
		};
		92F379E02363534D005FE2AB /* Products */ = {
			isa = PBXGroup;
			children = (
				9202D3D22659B6E700D5974F /* Maqr.app */,
				9202D4072659BC0B00D5974F /* MaqrClip.app */,
			);
			name = Products;
			sourceTree = "<group>";
		};
		92F37A18236458F2005FE2AB /* Frameworks */ = {
			isa = PBXGroup;
			children = (
				92A2EDE024D001EE00D6640A /* MapKit.framework */,
				9234320D23BFD2F700E24E96 /* NotificationCenter.framework */,
			);
			name = Frameworks;
			sourceTree = "<group>";
		};
/* End PBXGroup section */

/* Begin PBXNativeTarget section */
		9202D3D12659B6E700D5974F /* Maqr */ = {
			isa = PBXNativeTarget;
			buildConfigurationList = 9202D3FA2659B6EA00D5974F /* Build configuration list for PBXNativeTarget "Maqr" */;
			buildPhases = (
				9202D3CE2659B6E700D5974F /* Sources */,
				9202D3CF2659B6E700D5974F /* Frameworks */,
				9202D3D02659B6E700D5974F /* Resources */,
				9202D4012659B72800D5974F /* Embed Frameworks */,
				9202D4302659BC0E00D5974F /* Embed App Clips */,
			);
			buildRules = (
			);
			dependencies = (
				9202D42B2659BC0E00D5974F /* PBXTargetDependency */,
			);
			name = Maqr;
			packageProductDependencies = (
				92A69A6030743CD9001DD663 /* ExperienceModel */,
				92D45B0230F0000100A1B2C3 /* MaqrDashboard */,
				6338212C3E157485904ABCD4 /* GuestExperience */,
			);
			productName = Smartz;
			productReference = 9202D3D22659B6E700D5974F /* Maqr.app */;
			productType = "com.apple.product-type.application";
		};
		9202D4062659BC0B00D5974F /* MaqrClip */ = {
			isa = PBXNativeTarget;
			buildConfigurationList = 9202D42D2659BC0E00D5974F /* Build configuration list for PBXNativeTarget "MaqrClip" */;
			buildPhases = (
				9202D4032659BC0B00D5974F /* Sources */,
				9202D4042659BC0B00D5974F /* Frameworks */,
				9202D4052659BC0B00D5974F /* Resources */,
				920250C426E565C900725A80 /* Embed Frameworks */,
			);
			buildRules = (
			);
			dependencies = (
			);
			name = MaqrClip;
			packageProductDependencies = (
				C858C6D2808DCEB64B19C6E8 /* GuestExperience */,
				2F8F786339118F4A036E8CFF /* MaqrDashboard */,
				F50C9865F6EF5F36623F9DAB /* ExperienceModel */,
			);
			productName = SmartzClip;
			productReference = 9202D4072659BC0B00D5974F /* MaqrClip.app */;
			productType = "com.apple.product-type.application.on-demand-install-capable";
		};
/* End PBXNativeTarget section */

/* Begin PBXProject section */
		92F379D72363534D005FE2AB /* Project object */ = {
			isa = PBXProject;
			attributes = {
				BuildIndependentTargetsInParallel = YES;
				KnownAssetTags = (
					New,
				);
				LastSwiftUpdateCheck = 1520;
				LastUpgradeCheck = 2700;
				ORGANIZATIONNAME = "Anthony Chinwo";
				TargetAttributes = {
					9202D3D12659B6E700D5974F = {
						CreatedOnToolsVersion = 12.5;
					};
					9202D4062659BC0B00D5974F = {
						CreatedOnToolsVersion = 12.5;
					};
				};
			};
			buildConfigurationList = 92F379DA2363534D005FE2AB /* Build configuration list for PBXProject "Maqr" */;
			compatibilityVersion = "Xcode 9.3";
			developmentRegion = en;
			hasScannedForEncodings = 0;
			knownRegions = (
				en,
				Base,
			);
			mainGroup = 92F379D62363534D005FE2AB;
			productRefGroup = 92F379E02363534D005FE2AB /* Products */;
			projectDirPath = "";
			projectRoot = "";
			targets = (
				9202D3D12659B6E700D5974F /* Maqr */,
				9202D4062659BC0B00D5974F /* MaqrClip */,
			);
		};
/* End PBXProject section */

/* Begin PBXResourcesBuildPhase section */
		9202D3D02659B6E700D5974F /* Resources */ = {
			isa = PBXResourcesBuildPhase;
			buildActionMask = 2147483647;
			files = (
				921F6C3926BE9DF80061D236 /* Preview Assets.xcassets in Resources */,
				9202D3D92659B6E900D5974F /* Assets.xcassets in Resources */,
				92562E2E266C003D004972E6 /* Assets.xcassets in Resources */,
				92C1A24B26626BF800A11E0F /* env.json in Resources */,
				92E485283075698600654001 /* Localizable.xcstrings in Resources */,
			);
			runOnlyForDeploymentPostprocessing = 0;
		};
		9202D4052659BC0B00D5974F /* Resources */ = {
			isa = PBXResourcesBuildPhase;
			buildActionMask = 2147483647;
			files = (
				92E485293075698600654001 /* Localizable.xcstrings in Resources */,
				9202D40E2659BC0E00D5974F /* Assets.xcassets in Resources */,
				92C1A24C26626BF900A11E0F /* env.json in Resources */,
			);
			runOnlyForDeploymentPostprocessing = 0;
		};
/* End PBXResourcesBuildPhase section */

/* Begin PBXSourcesBuildPhase section */
		9202D3CE2659B6E700D5974F /* Sources */ = {
			isa = PBXSourcesBuildPhase;
			buildActionMask = 2147483647;
			files = (
				92A69A68307458A8001DD663 /* ExperienceDesignerView.swift in Sources */,
				92E4853330756A6100654001 /* RemoteContent.swift in Sources */,
				92A69A6430745871001DD663 /* DesignerPanes.swift in Sources */,
				920793123075908F00793E7B /* DesignerTypePicker.swift in Sources */,
				92A69A5E30745831001DD663 /* ExperienceDesignerHost.swift in Sources */,
				92E4853130756A3D00654001 /* AppModel.swift in Sources */,
				92E4853530756A6100654001 /* CodeViews.swift in Sources */,
				92E4853F30756ADB00654001 /* BrowseScreens.swift in Sources */,
				92E4853930756A8100654001 /* DashboardRoot.swift in Sources */,
				92A69A6230745857001DD663 /* DesignerForm.swift in Sources */,
				92079314307590A700793E7B /* DesignerRichText.swift in Sources */,
				92E4854530756B8E00654001 /* PublishingScreens.swift in Sources */,
				92E4853B30756A9100654001 /* MaqrApp.swift in Sources */,
				92E4854730756BE600654001 /* AppClipScreens.swift in Sources */,
				92E4854330756B5100654001 /* GuestScreens.swift in Sources */,
				92A69A603074583D001DD663 /* DesignerStyle.swift in Sources */,
				92E4853D30756AAD00654001 /* Cards.swift in Sources */,
				92E4854130756B1B00654001 /* ExperienceScreens.swift in Sources */,
				92E4852F307569FB00654001 /* Theme.swift in Sources */,
				92E4853730756A6100654001 /* WebHandoffSheet.swift in Sources */,
				92E4854930756BE700654001 /* AccountScreens.swift in Sources */,
				46221C42F66DADBB16D000D1 /* GuestTheme.swift in Sources */,
				15D3A0E406C1BDF8FA32C232 /* WeddingGuestView.swift in Sources */,
				D341706E066F7F5D3F5DCB99 /* GuestShareViews.swift in Sources */,
				5E3279AC8E699E79276524F4 /* GuestExperienceView.swift in Sources */,
				47E611AA6D3288D9BF19EDD4 /* GuestLoaderView.swift in Sources */,
				877E1FFE5F5BF77B1BE3BF4B /* StoreKitPurchases.swift in Sources */,
			);
			runOnlyForDeploymentPostprocessing = 0;
		};
		9202D4032659BC0B00D5974F /* Sources */ = {
			isa = PBXSourcesBuildPhase;
			buildActionMask = 2147483647;
			files = (
				D37AB96EDCD53BDB3AC06213 /* GuestTheme.swift in Sources */,
				EAA59FD848A765513FB0CF15 /* WeddingGuestView.swift in Sources */,
				B6F7C238F245DCC848947688 /* GuestShareViews.swift in Sources */,
				18DB3B8A84C6E025CD1C7ABD /* GuestExperienceView.swift in Sources */,
				EDD2E43E33818C92E09E4762 /* GuestLoaderView.swift in Sources */,
				39A7344B1B12E0CF9FBAB7F6 /* MaqrClipApp.swift in Sources */,
			);
			runOnlyForDeploymentPostprocessing = 0;
		};
/* End PBXSourcesBuildPhase section */

/* Begin PBXTargetDependency section */
		9202D42B2659BC0E00D5974F /* PBXTargetDependency */ = {
			isa = PBXTargetDependency;
			target = 9202D4062659BC0B00D5974F /* MaqrClip */;
			targetProxy = 9202D42A2659BC0E00D5974F /* PBXContainerItemProxy */;
		};
/* End PBXTargetDependency section */

/* Begin XCBuildConfiguration section */
		9202D3F42659B6EA00D5974F /* Debug */ = {
			isa = XCBuildConfiguration;
			buildSettings = {
				ASSETCATALOG_COMPILER_APPICON_NAME = AppIcon;
				ASSETCATALOG_COMPILER_GLOBAL_ACCENT_COLOR_NAME = AccentColor;
				CODE_SIGN_ENTITLEMENTS = Maqr/Maqr.entitlements;
				CODE_SIGN_STYLE = Automatic;
				CURRENT_PROJECT_VERSION = 2;
				DEBUG_INFORMATION_FORMAT = dwarf;
				DEVELOPMENT_ASSET_PATHS = "\"Maqr/Preview Content\"";
				ENABLE_PREVIEWS = YES;
				INFOPLIST_FILE = Maqr/Info.plist;
				IPHONEOS_DEPLOYMENT_TARGET = "$(RECOMMENDED_IPHONEOS_DEPLOYMENT_TARGET)";
				LD_RUNPATH_SEARCH_PATHS = (
					"$(inherited)",
					"@executable_path/Frameworks",
				);
				LOCALIZATION_PREFERS_STRING_CATALOGS = YES;
				MACOSX_DEPLOYMENT_TARGET = "$(RECOMMENDED_MACOSX_DEPLOYMENT_TARGET)";
				MARKETING_VERSION = 1.45;
				PRODUCT_BUNDLE_IDENTIFIER = com.smartstickr.Smartz;
				PRODUCT_NAME = "$(TARGET_NAME)";
				SWIFT_EMIT_LOC_STRINGS = YES;
				SWIFT_INSTALL_OBJC_HEADER = NO;
				SWIFT_VERSION = 5.0;
				TARGETED_DEVICE_FAMILY = 1;
			};
			name = Debug;
		};
		9202D3F52659B6EA00D5974F /* Release */ = {
			isa = XCBuildConfiguration;
			buildSettings = {
				ASSETCATALOG_COMPILER_APPICON_NAME = AppIcon;
				ASSETCATALOG_COMPILER_GLOBAL_ACCENT_COLOR_NAME = AccentColor;
				CODE_SIGN_ENTITLEMENTS = Maqr/Maqr.entitlements;
				CODE_SIGN_STYLE = Automatic;
				CURRENT_PROJECT_VERSION = 2;
				DEVELOPMENT_ASSET_PATHS = "\"Maqr/Preview Content\"";
				ENABLE_PREVIEWS = YES;
				INFOPLIST_FILE = Maqr/Info.plist;
				IPHONEOS_DEPLOYMENT_TARGET = "$(RECOMMENDED_IPHONEOS_DEPLOYMENT_TARGET)";
				LD_RUNPATH_SEARCH_PATHS = (
					"$(inherited)",
					"@executable_path/Frameworks",
				);
				LOCALIZATION_PREFERS_STRING_CATALOGS = YES;
				MACOSX_DEPLOYMENT_TARGET = "$(RECOMMENDED_MACOSX_DEPLOYMENT_TARGET)";
				MARKETING_VERSION = 1.45;
				PRODUCT_BUNDLE_IDENTIFIER = com.smartstickr.Smartz;
				PRODUCT_NAME = "$(TARGET_NAME)";
				SWIFT_EMIT_LOC_STRINGS = YES;
				SWIFT_INSTALL_OBJC_HEADER = NO;
				SWIFT_VERSION = 5.0;
				TARGETED_DEVICE_FAMILY = 1;
			};
			name = Release;
		};
		9202D42E2659BC0E00D5974F /* Debug */ = {
			isa = XCBuildConfiguration;
			buildSettings = {
				ASSETCATALOG_COMPILER_APPICON_NAME = AppIcon;
				ASSETCATALOG_COMPILER_GLOBAL_ACCENT_COLOR_NAME = AccentColor;
				CODE_SIGN_ENTITLEMENTS = MaqrClip/SmartzClip.entitlements;
				CODE_SIGN_STYLE = Automatic;
				CURRENT_PROJECT_VERSION = 2;
				DEBUG_INFORMATION_FORMAT = dwarf;
				DEVELOPMENT_ASSET_PATHS = "\"MaqrClip/Preview Content\"";
				ENABLE_PREVIEWS = YES;
				INFOPLIST_FILE = MaqrClip/Info.plist;
				IPHONEOS_DEPLOYMENT_TARGET = "$(RECOMMENDED_IPHONEOS_DEPLOYMENT_TARGET)";
				LD_RUNPATH_SEARCH_PATHS = (
					"$(inherited)",
					"@executable_path/Frameworks",
				);
				LOCALIZATION_PREFERS_STRING_CATALOGS = YES;
				MACOSX_DEPLOYMENT_TARGET = "$(RECOMMENDED_MACOSX_DEPLOYMENT_TARGET)";
				MARKETING_VERSION = 1.45;
				PRODUCT_BUNDLE_IDENTIFIER = com.smartstickr.Smartz.Clip;
				PRODUCT_NAME = "$(TARGET_NAME)";
				SWIFT_ACTIVE_COMPILATION_CONDITIONS = "DEBUG APPCLIP";
				SWIFT_EMIT_LOC_STRINGS = YES;
				SWIFT_INSTALL_OBJC_HEADER = NO;
				SWIFT_VERSION = 5.0;
				TARGETED_DEVICE_FAMILY = 1;
			};
			name = Debug;
		};
		9202D42F2659BC0E00D5974F /* Release */ = {
			isa = XCBuildConfiguration;
			buildSettings = {
				ASSETCATALOG_COMPILER_APPICON_NAME = AppIcon;
				ASSETCATALOG_COMPILER_GLOBAL_ACCENT_COLOR_NAME = AccentColor;
				CODE_SIGN_ENTITLEMENTS = MaqrClip/SmartzClip.entitlements;
				CODE_SIGN_STYLE = Automatic;
				CURRENT_PROJECT_VERSION = 2;
				DEVELOPMENT_ASSET_PATHS = "\"MaqrClip/Preview Content\"";
				ENABLE_PREVIEWS = YES;
				INFOPLIST_FILE = MaqrClip/Info.plist;
				IPHONEOS_DEPLOYMENT_TARGET = "$(RECOMMENDED_IPHONEOS_DEPLOYMENT_TARGET)";
				LD_RUNPATH_SEARCH_PATHS = (
					"$(inherited)",
					"@executable_path/Frameworks",
				);
				LOCALIZATION_PREFERS_STRING_CATALOGS = YES;
				MACOSX_DEPLOYMENT_TARGET = "$(RECOMMENDED_MACOSX_DEPLOYMENT_TARGET)";
				MARKETING_VERSION = 1.45;
				PRODUCT_BUNDLE_IDENTIFIER = com.smartstickr.Smartz.Clip;
				PRODUCT_NAME = "$(TARGET_NAME)";
				SWIFT_ACTIVE_COMPILATION_CONDITIONS = APPCLIP;
				SWIFT_EMIT_LOC_STRINGS = YES;
				SWIFT_INSTALL_OBJC_HEADER = NO;
				SWIFT_VERSION = 5.0;
				TARGETED_DEVICE_FAMILY = 1;
			};
			name = Release;
		};
		92F37A072363534F005FE2AB /* Debug */ = {
			isa = XCBuildConfiguration;
			buildSettings = {
				ALWAYS_SEARCH_USER_PATHS = NO;
				CLANG_ANALYZER_LOCALIZABILITY_NONLOCALIZED = YES;
				CLANG_ANALYZER_NONNULL = YES;
				CLANG_ANALYZER_NUMBER_OBJECT_CONVERSION = YES_AGGRESSIVE;
				CLANG_CXX_LANGUAGE_STANDARD = "gnu++14";
				CLANG_CXX_LIBRARY = "libc++";
				CLANG_ENABLE_MODULES = YES;
				CLANG_ENABLE_OBJC_ARC = YES;
				CLANG_ENABLE_OBJC_WEAK = YES;
				CLANG_WARN_BLOCK_CAPTURE_AUTORELEASING = YES;
				CLANG_WARN_BOOL_CONVERSION = YES;
				CLANG_WARN_COMMA = YES;
				CLANG_WARN_CONSTANT_CONVERSION = YES;
				CLANG_WARN_DEPRECATED_OBJC_IMPLEMENTATIONS = YES;
				CLANG_WARN_DIRECT_OBJC_ISA_USAGE = YES_ERROR;
				CLANG_WARN_DOCUMENTATION_COMMENTS = YES;
				CLANG_WARN_EMPTY_BODY = YES;
				CLANG_WARN_ENUM_CONVERSION = YES;
				CLANG_WARN_INFINITE_RECURSION = YES;
				CLANG_WARN_INT_CONVERSION = YES;
				CLANG_WARN_NON_LITERAL_NULL_CONVERSION = YES;
				CLANG_WARN_OBJC_IMPLICIT_RETAIN_SELF = YES;
				CLANG_WARN_OBJC_LITERAL_CONVERSION = YES;
				CLANG_WARN_OBJC_ROOT_CLASS = YES_ERROR;
				CLANG_WARN_QUOTED_INCLUDE_IN_FRAMEWORK_HEADER = YES;
				CLANG_WARN_RANGE_LOOP_ANALYSIS = YES;
				CLANG_WARN_STRICT_PROTOTYPES = YES;
				CLANG_WARN_SUSPICIOUS_MOVE = YES;
				CLANG_WARN_UNGUARDED_AVAILABILITY = YES_AGGRESSIVE;
				CLANG_WARN_UNREACHABLE_CODE = YES;
				CLANG_WARN__DUPLICATE_METHOD_MATCH = YES;
				COPY_PHASE_STRIP = NO;
				DEBUG_INFORMATION_FORMAT = "dwarf-with-dsym";
				DEVELOPMENT_TEAM = 2L26ZMA265;
				ENABLE_STRICT_OBJC_MSGSEND = YES;
				ENABLE_TESTABILITY = YES;
				ENABLE_USER_SCRIPT_SANDBOXING = YES;
				GCC_C_LANGUAGE_STANDARD = gnu11;
				GCC_DYNAMIC_NO_PIC = NO;
				GCC_NO_COMMON_BLOCKS = YES;
				GCC_OPTIMIZATION_LEVEL = 0;
				GCC_PREPROCESSOR_DEFINITIONS = (
					"DEBUG=1",
					"$(inherited)",
				);
				GCC_WARN_64_TO_32_BIT_CONVERSION = YES;
				GCC_WARN_ABOUT_RETURN_TYPE = YES_ERROR;
				GCC_WARN_UNDECLARED_SELECTOR = YES;
				GCC_WARN_UNINITIALIZED_AUTOS = YES_AGGRESSIVE;
				GCC_WARN_UNUSED_FUNCTION = YES;
				GCC_WARN_UNUSED_VARIABLE = YES;
				IPHONEOS_DEPLOYMENT_TARGET = 14.0;
				MACOSX_DEPLOYMENT_TARGET = 10.16;
				MTL_ENABLE_DEBUG_INFO = INCLUDE_SOURCE;
				MTL_FAST_MATH = YES;
				ONLY_ACTIVE_ARCH = YES;
				SDKROOT = iphoneos;
				STRING_CATALOG_GENERATE_SYMBOLS = YES;
				SWIFT_ACTIVE_COMPILATION_CONDITIONS = DEBUG;
				SWIFT_DEFAULT_ACTOR_ISOLATION = MainActor;
				SWIFT_OPTIMIZATION_LEVEL = "-Onone";
				SWIFT_VERSION = 6.0;
			};
			name = Debug;
		};
		92F37A082363534F005FE2AB /* Release */ = {
			isa = XCBuildConfiguration;
			buildSettings = {
				ALWAYS_SEARCH_USER_PATHS = NO;
				CLANG_ANALYZER_LOCALIZABILITY_NONLOCALIZED = YES;
				CLANG_ANALYZER_NONNULL = YES;
				CLANG_ANALYZER_NUMBER_OBJECT_CONVERSION = YES_AGGRESSIVE;
				CLANG_CXX_LANGUAGE_STANDARD = "gnu++14";
				CLANG_CXX_LIBRARY = "libc++";
				CLANG_ENABLE_MODULES = YES;
				CLANG_ENABLE_OBJC_ARC = YES;
				CLANG_ENABLE_OBJC_WEAK = YES;
				CLANG_WARN_BLOCK_CAPTURE_AUTORELEASING = YES;
				CLANG_WARN_BOOL_CONVERSION = YES;
				CLANG_WARN_COMMA = YES;
				CLANG_WARN_CONSTANT_CONVERSION = YES;
				CLANG_WARN_DEPRECATED_OBJC_IMPLEMENTATIONS = YES;
				CLANG_WARN_DIRECT_OBJC_ISA_USAGE = YES_ERROR;
				CLANG_WARN_DOCUMENTATION_COMMENTS = YES;
				CLANG_WARN_EMPTY_BODY = YES;
				CLANG_WARN_ENUM_CONVERSION = YES;
				CLANG_WARN_INFINITE_RECURSION = YES;
				CLANG_WARN_INT_CONVERSION = YES;
				CLANG_WARN_NON_LITERAL_NULL_CONVERSION = YES;
				CLANG_WARN_OBJC_IMPLICIT_RETAIN_SELF = YES;
				CLANG_WARN_OBJC_LITERAL_CONVERSION = YES;
				CLANG_WARN_OBJC_ROOT_CLASS = YES_ERROR;
				CLANG_WARN_QUOTED_INCLUDE_IN_FRAMEWORK_HEADER = YES;
				CLANG_WARN_RANGE_LOOP_ANALYSIS = YES;
				CLANG_WARN_STRICT_PROTOTYPES = YES;
				CLANG_WARN_SUSPICIOUS_MOVE = YES;
				CLANG_WARN_UNGUARDED_AVAILABILITY = YES_AGGRESSIVE;
				CLANG_WARN_UNREACHABLE_CODE = YES;
				CLANG_WARN__DUPLICATE_METHOD_MATCH = YES;
				COPY_PHASE_STRIP = NO;
				DEBUG_INFORMATION_FORMAT = "dwarf-with-dsym";
				DEVELOPMENT_TEAM = 2L26ZMA265;
				ENABLE_NS_ASSERTIONS = NO;
				ENABLE_STRICT_OBJC_MSGSEND = YES;
				ENABLE_USER_SCRIPT_SANDBOXING = YES;
				GCC_C_LANGUAGE_STANDARD = gnu11;
				GCC_NO_COMMON_BLOCKS = YES;
				GCC_WARN_64_TO_32_BIT_CONVERSION = YES;
				GCC_WARN_ABOUT_RETURN_TYPE = YES_ERROR;
				GCC_WARN_UNDECLARED_SELECTOR = YES;
				GCC_WARN_UNINITIALIZED_AUTOS = YES_AGGRESSIVE;
				GCC_WARN_UNUSED_FUNCTION = YES;
				GCC_WARN_UNUSED_VARIABLE = YES;
				IPHONEOS_DEPLOYMENT_TARGET = 14.0;
				MACOSX_DEPLOYMENT_TARGET = 10.16;
				MTL_ENABLE_DEBUG_INFO = NO;
				MTL_FAST_MATH = YES;
				SDKROOT = iphoneos;
				STRING_CATALOG_GENERATE_SYMBOLS = YES;
				SWIFT_COMPILATION_MODE = wholemodule;
				SWIFT_DEFAULT_ACTOR_ISOLATION = MainActor;
				SWIFT_OPTIMIZATION_LEVEL = "-O";
				SWIFT_VERSION = 6.0;
				VALIDATE_PRODUCT = YES;
			};
			name = Release;
		};
/* End XCBuildConfiguration section */

/* Begin XCConfigurationList section */
		9202D3FA2659B6EA00D5974F /* Build configuration list for PBXNativeTarget "Maqr" */ = {
			isa = XCConfigurationList;
			buildConfigurations = (
				9202D3F42659B6EA00D5974F /* Debug */,
				9202D3F52659B6EA00D5974F /* Release */,
			);
			defaultConfigurationIsVisible = 0;
			defaultConfigurationName = Release;
		};
		9202D42D2659BC0E00D5974F /* Build configuration list for PBXNativeTarget "MaqrClip" */ = {
			isa = XCConfigurationList;
			buildConfigurations = (
				9202D42E2659BC0E00D5974F /* Debug */,
				9202D42F2659BC0E00D5974F /* Release */,
			);
			defaultConfigurationIsVisible = 0;
			defaultConfigurationName = Release;
		};
		92F379DA2363534D005FE2AB /* Build configuration list for PBXProject "Maqr" */ = {
			isa = XCConfigurationList;
			buildConfigurations = (
				92F37A072363534F005FE2AB /* Debug */,
				92F37A082363534F005FE2AB /* Release */,
			);
			defaultConfigurationIsVisible = 0;
			defaultConfigurationName = Release;
		};
/* End XCConfigurationList section */

/* Begin XCSwiftPackageProductDependency section */
		2F8F786339118F4A036E8CFF /* MaqrDashboard */ = {
			isa = XCSwiftPackageProductDependency;
			productName = MaqrDashboard;
		};
		6338212C3E157485904ABCD4 /* GuestExperience */ = {
			isa = XCSwiftPackageProductDependency;
			productName = GuestExperience;
		};
		92A69A6030743CD9001DD663 /* ExperienceModel */ = {
			isa = XCSwiftPackageProductDependency;
			productName = ExperienceModel;
		};
		92D45B0230F0000100A1B2C3 /* MaqrDashboard */ = {
			isa = XCSwiftPackageProductDependency;
			productName = MaqrDashboard;
		};
		C858C6D2808DCEB64B19C6E8 /* GuestExperience */ = {
			isa = XCSwiftPackageProductDependency;
			productName = GuestExperience;
		};
		F50C9865F6EF5F36623F9DAB /* ExperienceModel */ = {
			isa = XCSwiftPackageProductDependency;
			productName = ExperienceModel;
		};
/* End XCSwiftPackageProductDependency section */
	};
	rootObject = 92F379D72363534D005FE2AB /* Project object */;
}
