// !$*UTF8*$!
{
	archiveVersion = 1;
	classes = {
	};
	objectVersion = 52;
	objects = {

/* Begin PBXBuildFile section */
		92A32D6724C799B8007C960E /* Tests_iOS.swift in Sources */ = {isa = PBXBuildFile; fileRef = 92A32D6624C799B8007C960E /* Tests_iOS.swift */; };
		92A32D7224C799B8007C960E /* Tests_macOS.swift in Sources */ = {isa = PBXBuildFile; fileRef = 92A32D7124C799B8007C960E /* Tests_macOS.swift */; };
		92A32D7624C799B8007C960E /* ContentView.swift in Sources */ = {isa = PBXBuildFile; fileRef = 92A32D4D24C799B7007C960E /* ContentView.swift */; };
		92A32D7724C799B8007C960E /* ContentView.swift in Sources */ = {isa = PBXBuildFile; fileRef = 92A32D4D24C799B7007C960E /* ContentView.swift */; };
		92A32D8624C79A13007C960E /* SceneDelegate.swift in Sources */ = {isa = PBXBuildFile; fileRef = 92F379E42363534D005FE2AB /* SceneDelegate.swift */; };
		92A32D8724C79A13007C960E /* SceneDelegate.swift in Sources */ = {isa = PBXBuildFile; fileRef = 92F379E42363534D005FE2AB /* SceneDelegate.swift */; };
		92A32D8824C79A13007C960E /* Styles.swift in Sources */ = {isa = PBXBuildFile; fileRef = 926E8FE024C76DE100378436 /* Styles.swift */; };
		92A32D8924C79A13007C960E /* Styles.swift in Sources */ = {isa = PBXBuildFile; fileRef = 926E8FE024C76DE100378436 /* Styles.swift */; };
		92A32D9B24C79B3D007C960E /* african_giant_cover.jpg in Resources */ = {isa = PBXBuildFile; fileRef = 92A32D8E24C79B3D007C960E /* african_giant_cover.jpg */; };
		92A32D9C24C79B3D007C960E /* african_giant_cover.jpg in Resources */ = {isa = PBXBuildFile; fileRef = 92A32D8E24C79B3D007C960E /* african_giant_cover.jpg */; };
		92A32D9D24C79B3D007C960E /* Development.xcconfig in Resources */ = {isa = PBXBuildFile; fileRef = 92A32D9024C79B3D007C960E /* Development.xcconfig */; };
		92A32D9E24C79B3D007C960E /* Development.xcconfig in Resources */ = {isa = PBXBuildFile; fileRef = 92A32D9024C79B3D007C960E /* Development.xcconfig */; };
		92A32DA124C79B3D007C960E /* Spotify_Icon_RGB_Green.png in Resources */ = {isa = PBXBuildFile; fileRef = 92A32D9224C79B3D007C960E /* Spotify_Icon_RGB_Green.png */; };
		92A32DA224C79B3D007C960E /* Spotify_Icon_RGB_Green.png in Resources */ = {isa = PBXBuildFile; fileRef = 92A32D9224C79B3D007C960E /* Spotify_Icon_RGB_Green.png */; };
		92A32DA324C79B3D007C960E /* party-people.jpg in Resources */ = {isa = PBXBuildFile; fileRef = 92A32D9324C79B3D007C960E /* party-people.jpg */; };
		92A32DA424C79B3D007C960E /* party-people.jpg in Resources */ = {isa = PBXBuildFile; fileRef = 92A32D9324C79B3D007C960E /* party-people.jpg */; };
		92A32DA524C79B3D007C960E /* Assets.xcassets in Resources */ = {isa = PBXBuildFile; fileRef = 92A32D9424C79B3D007C960E /* Assets.xcassets */; };
		92A32DA624C79B3D007C960E /* Assets.xcassets in Resources */ = {isa = PBXBuildFile; fileRef = 92A32D9424C79B3D007C960E /* Assets.xcassets */; };
		92A32DA724C79B3D007C960E /* Production.xcconfig in Resources */ = {isa = PBXBuildFile; fileRef = 92A32D9624C79B3D007C960E /* Production.xcconfig */; };
		92A32DA824C79B3D007C960E /* Production.xcconfig in Resources */ = {isa = PBXBuildFile; fileRef = 92A32D9624C79B3D007C960E /* Production.xcconfig */; };
		92A32DAB24C79B3D007C960E /* joil_icon_rounded.png in Resources */ = {isa = PBXBuildFile; fileRef = 92A32D9824C79B3D007C960E /* joil_icon_rounded.png */; };
		92A32DAC24C79B3D007C960E /* joil_icon_rounded.png in Resources */ = {isa = PBXBuildFile; fileRef = 92A32D9824C79B3D007C960E /* joil_icon_rounded.png */; };
		92A32DAD24C79B3D007C960E /* Localizable.strings in Resources */ = {isa = PBXBuildFile; fileRef = 92A32D9924C79B3D007C960E /* Localizable.strings */; };
		92A32DAE24C79B3D007C960E /* Localizable.strings in Resources */ = {isa = PBXBuildFile; fileRef = 92A32D9924C79B3D007C960E /* Localizable.strings */; };
		92A32DB524C79B59007C960E /* AppState.swift in Sources */ = {isa = PBXBuildFile; fileRef = 92A32DB024C79B59007C960E /* AppState.swift */; };
		92A32DB624C79B59007C960E /* AppState.swift in Sources */ = {isa = PBXBuildFile; fileRef = 92A32DB024C79B59007C960E /* AppState.swift */; };
		92A32DB724C79B59007C960E /* UserSettings.swift in Sources */ = {isa = PBXBuildFile; fileRef = 92A32DB124C79B59007C960E /* UserSettings.swift */; };
		92A32DB824C79B59007C960E /* UserSettings.swift in Sources */ = {isa = PBXBuildFile; fileRef = 92A32DB124C79B59007C960E /* UserSettings.swift */; };
		92A32DB924C79B59007C960E /* AppState+Spotify.swift in Sources */ = {isa = PBXBuildFile; fileRef = 92A32DB224C79B59007C960E /* AppState+Spotify.swift */; };
		92A32DBA24C79B59007C960E /* AppState+Spotify.swift in Sources */ = {isa = PBXBuildFile; fileRef = 92A32DB224C79B59007C960E /* AppState+Spotify.swift */; };
		92A32DBB24C79B59007C960E /* AppState+Methods.swift in Sources */ = {isa = PBXBuildFile; fileRef = 92A32DB324C79B59007C960E /* AppState+Methods.swift */; };
		92A32DBC24C79B59007C960E /* AppState+Methods.swift in Sources */ = {isa = PBXBuildFile; fileRef = 92A32DB324C79B59007C960E /* AppState+Methods.swift */; };
		92A32DBD24C79B59007C960E /* AppState+Publisher.swift in Sources */ = {isa = PBXBuildFile; fileRef = 92A32DB424C79B59007C960E /* AppState+Publisher.swift */; };
		92A32DBE24C79B59007C960E /* AppState+Publisher.swift in Sources */ = {isa = PBXBuildFile; fileRef = 92A32DB424C79B59007C960E /* AppState+Publisher.swift */; };
		92A32DC124C79B6C007C960E /* Preview Assets.xcassets in Resources */ = {isa = PBXBuildFile; fileRef = 92A32DC024C79B6B007C960E /* Preview Assets.xcassets */; };
		92A32DC224C79B6C007C960E /* Preview Assets.xcassets in Resources */ = {isa = PBXBuildFile; fileRef = 92A32DC024C79B6B007C960E /* Preview Assets.xcassets */; };
		92A32DDC24C79C07007C960E /* ImagePicker.swift in Sources */ = {isa = PBXBuildFile; fileRef = 92A32DC324C79C06007C960E /* ImagePicker.swift */; };
		92A32DDD24C79C07007C960E /* ImagePicker.swift in Sources */ = {isa = PBXBuildFile; fileRef = 92A32DC324C79C06007C960E /* ImagePicker.swift */; };
		92A32DDE24C79C07007C960E /* PeopleGridView.swift in Sources */ = {isa = PBXBuildFile; fileRef = 92A32DC424C79C06007C960E /* PeopleGridView.swift */; };
		92A32DDF24C79C07007C960E /* PeopleGridView.swift in Sources */ = {isa = PBXBuildFile; fileRef = 92A32DC424C79C06007C960E /* PeopleGridView.swift */; };
		92A32DE024C79C07007C960E /* MusicroomView.swift in Sources */ = {isa = PBXBuildFile; fileRef = 92A32DC524C79C06007C960E /* MusicroomView.swift */; };
		92A32DE124C79C07007C960E /* MusicroomView.swift in Sources */ = {isa = PBXBuildFile; fileRef = 92A32DC524C79C06007C960E /* MusicroomView.swift */; };
		92A32DE224C79C07007C960E /* SettingsView.swift in Sources */ = {isa = PBXBuildFile; fileRef = 92A32DC724C79C06007C960E /* SettingsView.swift */; };
		92A32DE324C79C07007C960E /* SettingsView.swift in Sources */ = {isa = PBXBuildFile; fileRef = 92A32DC724C79C06007C960E /* SettingsView.swift */; };
		92A32DE424C79C07007C960E /* TrackSearchView.swift in Sources */ = {isa = PBXBuildFile; fileRef = 92A32DC824C79C06007C960E /* TrackSearchView.swift */; };
		92A32DE524C79C07007C960E /* TrackSearchView.swift in Sources */ = {isa = PBXBuildFile; fileRef = 92A32DC824C79C06007C960E /* TrackSearchView.swift */; };
		92A32DE624C79C07007C960E /* ServiceAlert.swift in Sources */ = {isa = PBXBuildFile; fileRef = 92A32DC924C79C06007C960E /* ServiceAlert.swift */; };
		92A32DE724C79C07007C960E /* ServiceAlert.swift in Sources */ = {isa = PBXBuildFile; fileRef = 92A32DC924C79C06007C960E /* ServiceAlert.swift */; };
		92A32DE824C79C07007C960E /* FeedbackSettingsView.swift in Sources */ = {isa = PBXBuildFile; fileRef = 92A32DCA24C79C06007C960E /* FeedbackSettingsView.swift */; };
		92A32DE924C79C07007C960E /* FeedbackSettingsView.swift in Sources */ = {isa = PBXBuildFile; fileRef = 92A32DCA24C79C06007C960E /* FeedbackSettingsView.swift */; };
		92A32DEA24C79C07007C960E /* App.swift in Sources */ = {isa = PBXBuildFile; fileRef = 92A32DCB24C79C06007C960E /* App.swift */; };
		92A32DEB24C79C07007C960E /* App.swift in Sources */ = {isa = PBXBuildFile; fileRef = 92A32DCB24C79C06007C960E /* App.swift */; };
		92A32DEC24C79C07007C960E /* UserProfileView.swift in Sources */ = {isa = PBXBuildFile; fileRef = 92A32DCC24C79C06007C960E /* UserProfileView.swift */; };
		92A32DED24C79C07007C960E /* UserProfileView.swift in Sources */ = {isa = PBXBuildFile; fileRef = 92A32DCC24C79C06007C960E /* UserProfileView.swift */; };
		92A32DEE24C79C07007C960E /* ShareSheet.swift in Sources */ = {isa = PBXBuildFile; fileRef = 92A32DCD24C79C06007C960E /* ShareSheet.swift */; };
		92A32DEF24C79C07007C960E /* ShareSheet.swift in Sources */ = {isa = PBXBuildFile; fileRef = 92A32DCD24C79C06007C960E /* ShareSheet.swift */; };
		92A32DF024C79C07007C960E /* AppDelegate.swift in Sources */ = {isa = PBXBuildFile; fileRef = 92A32DCE24C79C06007C960E /* AppDelegate.swift */; };
		92A32DF124C79C07007C960E /* AppDelegate.swift in Sources */ = {isa = PBXBuildFile; fileRef = 92A32DCE24C79C06007C960E /* AppDelegate.swift */; };
		92A32DF224C79C07007C960E /* PlayQueueView.swift in Sources */ = {isa = PBXBuildFile; fileRef = 92A32DCF24C79C06007C960E /* PlayQueueView.swift */; };
		92A32DF324C79C07007C960E /* PlayQueueView.swift in Sources */ = {isa = PBXBuildFile; fileRef = 92A32DCF24C79C06007C960E /* PlayQueueView.swift */; };
		92A32DF424C79C07007C960E /* Extensions.swift in Sources */ = {isa = PBXBuildFile; fileRef = 92A32DD024C79C06007C960E /* Extensions.swift */; };
		92A32DF524C79C07007C960E /* Extensions.swift in Sources */ = {isa = PBXBuildFile; fileRef = 92A32DD024C79C06007C960E /* Extensions.swift */; };
		92A32DF624C79C07007C960E /* TrackList.swift in Sources */ = {isa = PBXBuildFile; fileRef = 92A32DD124C79C06007C960E /* TrackList.swift */; };
		92A32DF724C79C07007C960E /* TrackList.swift in Sources */ = {isa = PBXBuildFile; fileRef = 92A32DD124C79C06007C960E /* TrackList.swift */; };
		92A32DF824C79C07007C960E /* MusicLibraryView.swift in Sources */ = {isa = PBXBuildFile; fileRef = 92A32DD224C79C06007C960E /* MusicLibraryView.swift */; };
		92A32DF924C79C07007C960E /* MusicLibraryView.swift in Sources */ = {isa = PBXBuildFile; fileRef = 92A32DD224C79C06007C960E /* MusicLibraryView.swift */; };
		92A32DFA24C79C07007C960E /* MusicroomList.swift in Sources */ = {isa = PBXBuildFile; fileRef = 92A32DD324C79C06007C960E /* MusicroomList.swift */; };
		92A32DFB24C79C07007C960E /* MusicroomList.swift in Sources */ = {isa = PBXBuildFile; fileRef = 92A32DD324C79C06007C960E /* MusicroomList.swift */; };
		92A32DFC24C79C07007C960E /* ImageView.swift in Sources */ = {isa = PBXBuildFile; fileRef = 92A32DD424C79C07007C960E /* ImageView.swift */; };
		92A32DFD24C79C07007C960E /* ImageView.swift in Sources */ = {isa = PBXBuildFile; fileRef = 92A32DD424C79C07007C960E /* ImageView.swift */; };
		92A32DFE24C79C07007C960E /* CircleImage.swift in Sources */ = {isa = PBXBuildFile; fileRef = 92A32DD524C79C07007C960E /* CircleImage.swift */; };
		92A32DFF24C79C07007C960E /* CircleImage.swift in Sources */ = {isa = PBXBuildFile; fileRef = 92A32DD524C79C07007C960E /* CircleImage.swift */; };
		92A32E0024C79C07007C960E /* AppView.swift in Sources */ = {isa = PBXBuildFile; fileRef = 92A32DD624C79C07007C960E /* AppView.swift */; };
		92A32E0124C79C07007C960E /* AppView.swift in Sources */ = {isa = PBXBuildFile; fileRef = 92A32DD624C79C07007C960E /* AppView.swift */; };
		92A32E0224C79C07007C960E /* MusicroomCreateView.swift in Sources */ = {isa = PBXBuildFile; fileRef = 92A32DD724C79C07007C960E /* MusicroomCreateView.swift */; };
		92A32E0324C79C07007C960E /* MusicroomCreateView.swift in Sources */ = {isa = PBXBuildFile; fileRef = 92A32DD724C79C07007C960E /* MusicroomCreateView.swift */; };
		92A32E0424C79C07007C960E /* ActivityView.swift in Sources */ = {isa = PBXBuildFile; fileRef = 92A32DD824C79C07007C960E /* ActivityView.swift */; };
		92A32E0524C79C07007C960E /* ActivityView.swift in Sources */ = {isa = PBXBuildFile; fileRef = 92A32DD824C79C07007C960E /* ActivityView.swift */; };
		92A32E0624C79C07007C960E /* TrackView.swift in Sources */ = {isa = PBXBuildFile; fileRef = 92A32DD924C79C07007C960E /* TrackView.swift */; };
		92A32E0724C79C07007C960E /* TrackView.swift in Sources */ = {isa = PBXBuildFile; fileRef = 92A32DD924C79C07007C960E /* TrackView.swift */; };
		92A32E0824C79C07007C960E /* ProfileView.swift in Sources */ = {isa = PBXBuildFile; fileRef = 92A32DDA24C79C07007C960E /* ProfileView.swift */; };
		92A32E0924C79C07007C960E /* ProfileView.swift in Sources */ = {isa = PBXBuildFile; fileRef = 92A32DDA24C79C07007C960E /* ProfileView.swift */; };
		92A32E0A24C79C07007C960E /* LogOnView.swift in Sources */ = {isa = PBXBuildFile; fileRef = 92A32DDB24C79C07007C960E /* LogOnView.swift */; };
		92A32E0B24C79C07007C960E /* LogOnView.swift in Sources */ = {isa = PBXBuildFile; fileRef = 92A32DDB24C79C07007C960E /* LogOnView.swift */; };
		92A32E1024C7A3CE007C960E /* SpotifyiOS.framework in Frameworks */ = {isa = PBXBuildFile; fileRef = 925E5C72236A742100D95AB7 /* SpotifyiOS.framework */; };
		92A32E1424C7A448007C960E /* JoliApi in Frameworks */ = {isa = PBXBuildFile; productRef = 92A32E1324C7A448007C960E /* JoliApi */; };
		92A32E1624C7A448007C960E /* Kingfisher in Frameworks */ = {isa = PBXBuildFile; productRef = 92A32E1524C7A448007C960E /* Kingfisher */; };
		92A32E1824C7A448007C960E /* UIImageColors in Frameworks */ = {isa = PBXBuildFile; productRef = 92A32E1724C7A448007C960E /* UIImageColors */; };
		92A32E1A24C7A448007C960E /* Version in Frameworks */ = {isa = PBXBuildFile; productRef = 92A32E1924C7A448007C960E /* Version */; };
		92A32E1C24C7A448007C960E /* LetterAvatarKit in Frameworks */ = {isa = PBXBuildFile; productRef = 92A32E1B24C7A448007C960E /* LetterAvatarKit */; };
		92A32E1D24C7A4DF007C960E /* NotificationCenter.framework in Frameworks */ = {isa = PBXBuildFile; fileRef = 9234320D23BFD2F700E24E96 /* NotificationCenter.framework */; };
		92A32E1E24C7A9F2007C960E /* env.json in Resources */ = {isa = PBXBuildFile; fileRef = 929BA5CB24C7925F00B11188 /* env.json */; };
		92A32E1F24C7A9FC007C960E /* env.json in Resources */ = {isa = PBXBuildFile; fileRef = 929BA5CB24C7925F00B11188 /* env.json */; };
/* End PBXBuildFile section */

/* Begin PBXContainerItemProxy section */
		92A32D6324C799B8007C960E /* PBXContainerItemProxy */ = {
			isa = PBXContainerItemProxy;
			containerPortal = 92F379D72363534D005FE2AB /* Project object */;
			proxyType = 1;
			remoteGlobalIDString = 92A32D5224C799B8007C960E;
			remoteInfo = "Joli (iOS)";
		};
		92A32D6E24C799B8007C960E /* PBXContainerItemProxy */ = {
			isa = PBXContainerItemProxy;
			containerPortal = 92F379D72363534D005FE2AB /* Project object */;
			proxyType = 1;
			remoteGlobalIDString = 92A32D5924C799B8007C960E;
			remoteInfo = "Joli (macOS)";
		};
/* End PBXContainerItemProxy section */

/* Begin PBXFileReference section */
		9234320D23BFD2F700E24E96 /* NotificationCenter.framework */ = {isa = PBXFileReference; lastKnownFileType = wrapper.framework; name = NotificationCenter.framework; path = System/Library/Frameworks/NotificationCenter.framework; sourceTree = SDKROOT; };
		925E5C72236A742100D95AB7 /* SpotifyiOS.framework */ = {isa = PBXFileReference; lastKnownFileType = wrapper.framework; path = SpotifyiOS.framework; sourceTree = "<group>"; };
		925E5C76236A753700D95AB7 /* Joli-Bridging-Header.h */ = {isa = PBXFileReference; lastKnownFileType = sourcecode.c.h; path = "Joli-Bridging-Header.h"; sourceTree = "<group>"; };
		926E8FE024C76DE100378436 /* Styles.swift */ = {isa = PBXFileReference; lastKnownFileType = sourcecode.swift; path = Styles.swift; sourceTree = "<group>"; };
		929BA5CA24C7925F00B11188 /* JoliApi */ = {isa = PBXFileReference; lastKnownFileType = folder; path = JoliApi; sourceTree = "<group>"; };
		929BA5CB24C7925F00B11188 /* env.json */ = {isa = PBXFileReference; fileEncoding = 4; lastKnownFileType = text.json; path = env.json; sourceTree = "<group>"; };
		92A32D4D24C799B7007C960E /* ContentView.swift */ = {isa = PBXFileReference; lastKnownFileType = sourcecode.swift; path = ContentView.swift; sourceTree = "<group>"; };
		92A32D5324C799B8007C960E /* Joli.app */ = {isa = PBXFileReference; explicitFileType = wrapper.application; includeInIndex = 0; path = Joli.app; sourceTree = BUILT_PRODUCTS_DIR; };
		92A32D5A24C799B8007C960E /* Joli.app */ = {isa = PBXFileReference; explicitFileType = wrapper.application; includeInIndex = 0; path = Joli.app; sourceTree = BUILT_PRODUCTS_DIR; };
		92A32D5C24C799B8007C960E /* Info.plist */ = {isa = PBXFileReference; lastKnownFileType = text.plist.xml; path = Info.plist; sourceTree = "<group>"; };
		92A32D5D24C799B8007C960E /* macOS.entitlements */ = {isa = PBXFileReference; lastKnownFileType = text.plist.entitlements; path = macOS.entitlements; sourceTree = "<group>"; };
		92A32D6224C799B8007C960E /* Tests iOS.xctest */ = {isa = PBXFileReference; explicitFileType = wrapper.cfbundle; includeInIndex = 0; path = "Tests iOS.xctest"; sourceTree = BUILT_PRODUCTS_DIR; };
		92A32D6624C799B8007C960E /* Tests_iOS.swift */ = {isa = PBXFileReference; lastKnownFileType = sourcecode.swift; path = Tests_iOS.swift; sourceTree = "<group>"; };
		92A32D6824C799B8007C960E /* Info.plist */ = {isa = PBXFileReference; lastKnownFileType = text.plist.xml; path = Info.plist; sourceTree = "<group>"; };
		92A32D6D24C799B8007C960E /* Tests macOS.xctest */ = {isa = PBXFileReference; explicitFileType = wrapper.cfbundle; includeInIndex = 0; path = "Tests macOS.xctest"; sourceTree = BUILT_PRODUCTS_DIR; };
		92A32D7124C799B8007C960E /* Tests_macOS.swift */ = {isa = PBXFileReference; lastKnownFileType = sourcecode.swift; path = Tests_macOS.swift; sourceTree = "<group>"; };
		92A32D7324C799B8007C960E /* Info.plist */ = {isa = PBXFileReference; lastKnownFileType = text.plist.xml; path = Info.plist; sourceTree = "<group>"; };
		92A32D8E24C79B3D007C960E /* african_giant_cover.jpg */ = {isa = PBXFileReference; lastKnownFileType = image.jpeg; path = african_giant_cover.jpg; sourceTree = "<group>"; };
		92A32D9024C79B3D007C960E /* Development.xcconfig */ = {isa = PBXFileReference; fileEncoding = 4; lastKnownFileType = text.xcconfig; path = Development.xcconfig; sourceTree = "<group>"; };
		92A32D9124C79B3D007C960E /* Config.plist */ = {isa = PBXFileReference; fileEncoding = 4; lastKnownFileType = text.plist.xml; path = Config.plist; sourceTree = "<group>"; };
		92A32D9224C79B3D007C960E /* Spotify_Icon_RGB_Green.png */ = {isa = PBXFileReference; lastKnownFileType = image.png; path = Spotify_Icon_RGB_Green.png; sourceTree = "<group>"; };
		92A32D9324C79B3D007C960E /* party-people.jpg */ = {isa = PBXFileReference; lastKnownFileType = image.jpeg; path = "party-people.jpg"; sourceTree = "<group>"; };
		92A32D9424C79B3D007C960E /* Assets.xcassets */ = {isa = PBXFileReference; lastKnownFileType = folder.assetcatalog; path = Assets.xcassets; sourceTree = "<group>"; };
		92A32D9624C79B3D007C960E /* Production.xcconfig */ = {isa = PBXFileReference; fileEncoding = 4; lastKnownFileType = text.xcconfig; path = Production.xcconfig; sourceTree = "<group>"; };
		92A32D9724C79B3D007C960E /* Config.plist */ = {isa = PBXFileReference; fileEncoding = 4; lastKnownFileType = text.plist.xml; path = Config.plist; sourceTree = "<group>"; };
		92A32D9824C79B3D007C960E /* joil_icon_rounded.png */ = {isa = PBXFileReference; lastKnownFileType = image.png; path = joil_icon_rounded.png; sourceTree = "<group>"; };
		92A32D9A24C79B3D007C960E /* fr */ = {isa = PBXFileReference; lastKnownFileType = text.plist.strings; name = fr; path = fr.lproj/Localizable.strings; sourceTree = "<group>"; };
		92A32DB024C79B59007C960E /* AppState.swift */ = {isa = PBXFileReference; fileEncoding = 4; lastKnownFileType = sourcecode.swift; path = AppState.swift; sourceTree = "<group>"; };
		92A32DB124C79B59007C960E /* UserSettings.swift */ = {isa = PBXFileReference; fileEncoding = 4; lastKnownFileType = sourcecode.swift; path = UserSettings.swift; sourceTree = "<group>"; };
		92A32DB224C79B59007C960E /* AppState+Spotify.swift */ = {isa = PBXFileReference; fileEncoding = 4; lastKnownFileType = sourcecode.swift; path = "AppState+Spotify.swift"; sourceTree = "<group>"; };
		92A32DB324C79B59007C960E /* AppState+Methods.swift */ = {isa = PBXFileReference; fileEncoding = 4; lastKnownFileType = sourcecode.swift; path = "AppState+Methods.swift"; sourceTree = "<group>"; };
		92A32DB424C79B59007C960E /* AppState+Publisher.swift */ = {isa = PBXFileReference; fileEncoding = 4; lastKnownFileType = sourcecode.swift; path = "AppState+Publisher.swift"; sourceTree = "<group>"; };
		92A32DC024C79B6B007C960E /* Preview Assets.xcassets */ = {isa = PBXFileReference; lastKnownFileType = folder.assetcatalog; path = "Preview Assets.xcassets"; sourceTree = "<group>"; };
		92A32DC324C79C06007C960E /* ImagePicker.swift */ = {isa = PBXFileReference; fileEncoding = 4; lastKnownFileType = sourcecode.swift; path = ImagePicker.swift; sourceTree = "<group>"; };
		92A32DC424C79C06007C960E /* PeopleGridView.swift */ = {isa = PBXFileReference; fileEncoding = 4; lastKnownFileType = sourcecode.swift; path = PeopleGridView.swift; sourceTree = "<group>"; };
		92A32DC524C79C06007C960E /* MusicroomView.swift */ = {isa = PBXFileReference; fileEncoding = 4; lastKnownFileType = sourcecode.swift; path = MusicroomView.swift; sourceTree = "<group>"; };
		92A32DC624C79C06007C960E /* Joli.entitlements */ = {isa = PBXFileReference; fileEncoding = 4; lastKnownFileType = text.plist.entitlements; name = Joli.entitlements; path = ../Shared/Joli.entitlements; sourceTree = "<group>"; };
		92A32DC724C79C06007C960E /* SettingsView.swift */ = {isa = PBXFileReference; fileEncoding = 4; lastKnownFileType = sourcecode.swift; path = SettingsView.swift; sourceTree = "<group>"; };
		92A32DC824C79C06007C960E /* TrackSearchView.swift */ = {isa = PBXFileReference; fileEncoding = 4; lastKnownFileType = sourcecode.swift; path = TrackSearchView.swift; sourceTree = "<group>"; };
		92A32DC924C79C06007C960E /* ServiceAlert.swift */ = {isa = PBXFileReference; fileEncoding = 4; lastKnownFileType = sourcecode.swift; path = ServiceAlert.swift; sourceTree = "<group>"; };
		92A32DCA24C79C06007C960E /* FeedbackSettingsView.swift */ = {isa = PBXFileReference; fileEncoding = 4; lastKnownFileType = sourcecode.swift; path = FeedbackSettingsView.swift; sourceTree = "<group>"; };
		92A32DCB24C79C06007C960E /* App.swift */ = {isa = PBXFileReference; fileEncoding = 4; lastKnownFileType = sourcecode.swift; path = App.swift; sourceTree = "<group>"; };
		92A32DCC24C79C06007C960E /* UserProfileView.swift */ = {isa = PBXFileReference; fileEncoding = 4; lastKnownFileType = sourcecode.swift; path = UserProfileView.swift; sourceTree = "<group>"; };
		92A32DCD24C79C06007C960E /* ShareSheet.swift */ = {isa = PBXFileReference; fileEncoding = 4; lastKnownFileType = sourcecode.swift; path = ShareSheet.swift; sourceTree = "<group>"; };
		92A32DCE24C79C06007C960E /* AppDelegate.swift */ = {isa = PBXFileReference; fileEncoding = 4; lastKnownFileType = sourcecode.swift; path = AppDelegate.swift; sourceTree = "<group>"; };
		92A32DCF24C79C06007C960E /* PlayQueueView.swift */ = {isa = PBXFileReference; fileEncoding = 4; lastKnownFileType = sourcecode.swift; path = PlayQueueView.swift; sourceTree = "<group>"; };
		92A32DD024C79C06007C960E /* Extensions.swift */ = {isa = PBXFileReference; fileEncoding = 4; lastKnownFileType = sourcecode.swift; path = Extensions.swift; sourceTree = "<group>"; };
		92A32DD124C79C06007C960E /* TrackList.swift */ = {isa = PBXFileReference; fileEncoding = 4; lastKnownFileType = sourcecode.swift; path = TrackList.swift; sourceTree = "<group>"; };
		92A32DD224C79C06007C960E /* MusicLibraryView.swift */ = {isa = PBXFileReference; fileEncoding = 4; lastKnownFileType = sourcecode.swift; path = MusicLibraryView.swift; sourceTree = "<group>"; };
		92A32DD324C79C06007C960E /* MusicroomList.swift */ = {isa = PBXFileReference; fileEncoding = 4; lastKnownFileType = sourcecode.swift; path = MusicroomList.swift; sourceTree = "<group>"; };
		92A32DD424C79C07007C960E /* ImageView.swift */ = {isa = PBXFileReference; fileEncoding = 4; lastKnownFileType = sourcecode.swift; path = ImageView.swift; sourceTree = "<group>"; };
		92A32DD524C79C07007C960E /* CircleImage.swift */ = {isa = PBXFileReference; fileEncoding = 4; lastKnownFileType = sourcecode.swift; path = CircleImage.swift; sourceTree = "<group>"; };
		92A32DD624C79C07007C960E /* AppView.swift */ = {isa = PBXFileReference; fileEncoding = 4; lastKnownFileType = sourcecode.swift; path = AppView.swift; sourceTree = "<group>"; };
		92A32DD724C79C07007C960E /* MusicroomCreateView.swift */ = {isa = PBXFileReference; fileEncoding = 4; lastKnownFileType = sourcecode.swift; path = MusicroomCreateView.swift; sourceTree = "<group>"; };
		92A32DD824C79C07007C960E /* ActivityView.swift */ = {isa = PBXFileReference; fileEncoding = 4; lastKnownFileType = sourcecode.swift; path = ActivityView.swift; sourceTree = "<group>"; };
		92A32DD924C79C07007C960E /* TrackView.swift */ = {isa = PBXFileReference; fileEncoding = 4; lastKnownFileType = sourcecode.swift; path = TrackView.swift; sourceTree = "<group>"; };
		92A32DDA24C79C07007C960E /* ProfileView.swift */ = {isa = PBXFileReference; fileEncoding = 4; lastKnownFileType = sourcecode.swift; path = ProfileView.swift; sourceTree = "<group>"; };
		92A32DDB24C79C07007C960E /* LogOnView.swift */ = {isa = PBXFileReference; fileEncoding = 4; lastKnownFileType = sourcecode.swift; path = LogOnView.swift; sourceTree = "<group>"; };
		92A32E2324C7AF93007C960E /* Joli.entitlements */ = {isa = PBXFileReference; lastKnownFileType = text.plist.entitlements; path = Joli.entitlements; sourceTree = "<group>"; };
		92A32E2424C7B145007C960E /* en */ = {isa = PBXFileReference; lastKnownFileType = text.plist.strings; name = en; path = en.lproj/Localizable.strings; sourceTree = "<group>"; };
		92F379E42363534D005FE2AB /* SceneDelegate.swift */ = {isa = PBXFileReference; lastKnownFileType = sourcecode.swift; path = SceneDelegate.swift; sourceTree = "<group>"; };
		92F379EE2363534F005FE2AB /* Base */ = {isa = PBXFileReference; lastKnownFileType = file.storyboard; name = Base; path = Base.lproj/LaunchScreen.storyboard; sourceTree = "<group>"; };
		92F379F02363534F005FE2AB /* Info.plist */ = {isa = PBXFileReference; lastKnownFileType = text.plist.xml; path = Info.plist; sourceTree = "<group>"; };
/* End PBXFileReference section */

/* Begin PBXFrameworksBuildPhase section */
		92A32D5024C799B8007C960E /* Frameworks */ = {
			isa = PBXFrameworksBuildPhase;
			buildActionMask = 2147483647;
			files = (
				92A32E1D24C7A4DF007C960E /* NotificationCenter.framework in Frameworks */,
				92A32E1824C7A448007C960E /* UIImageColors in Frameworks */,
				92A32E1624C7A448007C960E /* Kingfisher in Frameworks */,
				92A32E1024C7A3CE007C960E /* SpotifyiOS.framework in Frameworks */,
				92A32E1A24C7A448007C960E /* Version in Frameworks */,
				92A32E1C24C7A448007C960E /* LetterAvatarKit in Frameworks */,
				92A32E1424C7A448007C960E /* JoliApi in Frameworks */,
			);
			runOnlyForDeploymentPostprocessing = 0;
		};
		92A32D5724C799B8007C960E /* Frameworks */ = {
			isa = PBXFrameworksBuildPhase;
			buildActionMask = 2147483647;
			files = (
			);
			runOnlyForDeploymentPostprocessing = 0;
		};
		92A32D5F24C799B8007C960E /* Frameworks */ = {
			isa = PBXFrameworksBuildPhase;
			buildActionMask = 2147483647;
			files = (
			);
			runOnlyForDeploymentPostprocessing = 0;
		};
		92A32D6A24C799B8007C960E /* Frameworks */ = {
			isa = PBXFrameworksBuildPhase;
			buildActionMask = 2147483647;
			files = (
			);
			runOnlyForDeploymentPostprocessing = 0;
		};
/* End PBXFrameworksBuildPhase section */

/* Begin PBXGroup section */
		92A32D4B24C799B7007C960E /* Shared */ = {
			isa = PBXGroup;
			children = (
				92A32E0D24C79C87007C960E /* Views */,
				92A32E0C24C79C3E007C960E /* Components */,
				92A32DBF24C79B6B007C960E /* Preview Content */,
				92A32DAF24C79B59007C960E /* State */,
				92A32D8D24C79B3D007C960E /* Resources */,
				92A32DCB24C79C06007C960E /* App.swift */,
				92A32DCE24C79C06007C960E /* AppDelegate.swift */,
				92A32DD624C79C07007C960E /* AppView.swift */,
				92A32DD024C79C06007C960E /* Extensions.swift */,
				92A32DC924C79C06007C960E /* ServiceAlert.swift */,
				92F379E42363534D005FE2AB /* SceneDelegate.swift */,
				92F379ED2363534F005FE2AB /* LaunchScreen.storyboard */,
				926E8FE024C76DE100378436 /* Styles.swift */,
				92A32D4D24C799B7007C960E /* ContentView.swift */,
			);
			path = Shared;
			sourceTree = "<group>";
		};
		92A32D5424C799B8007C960E /* iOS */ = {
			isa = PBXGroup;
			children = (
				92A32DC624C79C06007C960E /* Joli.entitlements */,
				92F379F02363534F005FE2AB /* Info.plist */,
			);
			path = iOS;
			sourceTree = "<group>";
		};
		92A32D5B24C799B8007C960E /* macOS */ = {
			isa = PBXGroup;
			children = (
				92A32D5C24C799B8007C960E /* Info.plist */,
				92A32D5D24C799B8007C960E /* macOS.entitlements */,
			);
			path = macOS;
			sourceTree = "<group>";
		};
		92A32D6524C799B8007C960E /* Tests iOS */ = {
			isa = PBXGroup;
			children = (
				92A32D6624C799B8007C960E /* Tests_iOS.swift */,
				92A32D6824C799B8007C960E /* Info.plist */,
			);
			path = "Tests iOS";
			sourceTree = "<group>";
		};
		92A32D7024C799B8007C960E /* Tests macOS */ = {
			isa = PBXGroup;
			children = (
				92A32D7124C799B8007C960E /* Tests_macOS.swift */,
				92A32D7324C799B8007C960E /* Info.plist */,
			);
			path = "Tests macOS";
			sourceTree = "<group>";
		};
		92A32D8D24C79B3D007C960E /* Resources */ = {
			isa = PBXGroup;
			children = (
				92A32D8F24C79B3D007C960E /* Development */,
				92A32D9524C79B3D007C960E /* Production */,
				92A32D8E24C79B3D007C960E /* african_giant_cover.jpg */,
				92A32D9224C79B3D007C960E /* Spotify_Icon_RGB_Green.png */,
				92A32D9324C79B3D007C960E /* party-people.jpg */,
				92A32D9424C79B3D007C960E /* Assets.xcassets */,
				92A32D9824C79B3D007C960E /* joil_icon_rounded.png */,
				92A32D9924C79B3D007C960E /* Localizable.strings */,
			);
			path = Resources;
			sourceTree = "<group>";
		};
		92A32D8F24C79B3D007C960E /* Development */ = {
			isa = PBXGroup;
			children = (
				92A32D9024C79B3D007C960E /* Development.xcconfig */,
				92A32D9124C79B3D007C960E /* Config.plist */,
			);
			path = Development;
			sourceTree = "<group>";
		};
		92A32D9524C79B3D007C960E /* Production */ = {
			isa = PBXGroup;
			children = (
				92A32D9624C79B3D007C960E /* Production.xcconfig */,
				92A32D9724C79B3D007C960E /* Config.plist */,
			);
			path = Production;
			sourceTree = "<group>";
		};
		92A32DAF24C79B59007C960E /* State */ = {
			isa = PBXGroup;
			children = (
				92A32DB024C79B59007C960E /* AppState.swift */,
				92A32DB124C79B59007C960E /* UserSettings.swift */,
				92A32DB224C79B59007C960E /* AppState+Spotify.swift */,
				92A32DB324C79B59007C960E /* AppState+Methods.swift */,
				92A32DB424C79B59007C960E /* AppState+Publisher.swift */,
			);
			path = State;
			sourceTree = "<group>";
		};
		92A32DBF24C79B6B007C960E /* Preview Content */ = {
			isa = PBXGroup;
			children = (
				92A32DC024C79B6B007C960E /* Preview Assets.xcassets */,
			);
			path = "Preview Content";
			sourceTree = "<group>";
		};
		92A32E0C24C79C3E007C960E /* Components */ = {
			isa = PBXGroup;
			children = (
				92A32DC324C79C06007C960E /* ImagePicker.swift */,
				92A32DD424C79C07007C960E /* ImageView.swift */,
				92A32DC424C79C06007C960E /* PeopleGridView.swift */,
				92A32DDA24C79C07007C960E /* ProfileView.swift */,
				92A32DD124C79C06007C960E /* TrackList.swift */,
			);
			name = Components;
			sourceTree = "<group>";
		};
		92A32E0D24C79C87007C960E /* Views */ = {
			isa = PBXGroup;
			children = (
				92A32DD824C79C07007C960E /* ActivityView.swift */,
				92A32DD524C79C07007C960E /* CircleImage.swift */,
				92A32DCA24C79C06007C960E /* FeedbackSettingsView.swift */,
				92A32DD324C79C06007C960E /* MusicroomList.swift */,
				92A32DC524C79C06007C960E /* MusicroomView.swift */,
				92A32DCF24C79C06007C960E /* PlayQueueView.swift */,
				92A32DC724C79C06007C960E /* SettingsView.swift */,
				92A32DCD24C79C06007C960E /* ShareSheet.swift */,
				92A32DC824C79C06007C960E /* TrackSearchView.swift */,
				92A32DD924C79C07007C960E /* TrackView.swift */,
				92A32DCC24C79C06007C960E /* UserProfileView.swift */,
				92A32DDB24C79C07007C960E /* LogOnView.swift */,
				92A32DD224C79C06007C960E /* MusicLibraryView.swift */,
				92A32DD724C79C07007C960E /* MusicroomCreateView.swift */,
			);
			name = Views;
			sourceTree = "<group>";
		};
		92F379D62363534D005FE2AB = {
			isa = PBXGroup;
			children = (
				92A32E2324C7AF93007C960E /* Joli.entitlements */,
				929BA5CB24C7925F00B11188 /* env.json */,
				925E5C76236A753700D95AB7 /* Joli-Bridging-Header.h */,
				929BA5CA24C7925F00B11188 /* JoliApi */,
				92A32D4B24C799B7007C960E /* Shared */,
				92A32D5424C799B8007C960E /* iOS */,
				92A32D5B24C799B8007C960E /* macOS */,
				92A32D6524C799B8007C960E /* Tests iOS */,
				92A32D7024C799B8007C960E /* Tests macOS */,
				92F379E02363534D005FE2AB /* Products */,
				92F37A18236458F2005FE2AB /* Frameworks */,
			);
			sourceTree = "<group>";
		};
		92F379E02363534D005FE2AB /* Products */ = {
			isa = PBXGroup;
			children = (
				92A32D5324C799B8007C960E /* Joli.app */,
				92A32D5A24C799B8007C960E /* Joli.app */,
				92A32D6224C799B8007C960E /* Tests iOS.xctest */,
				92A32D6D24C799B8007C960E /* Tests macOS.xctest */,
			);
			name = Products;
			sourceTree = "<group>";
		};
		92F37A18236458F2005FE2AB /* Frameworks */ = {
			isa = PBXGroup;
			children = (
				925E5C72236A742100D95AB7 /* SpotifyiOS.framework */,
				9234320D23BFD2F700E24E96 /* NotificationCenter.framework */,
			);
			name = Frameworks;
			sourceTree = "<group>";
		};
/* End PBXGroup section */

/* Begin PBXNativeTarget section */
		92A32D5224C799B8007C960E /* Joli (iOS) */ = {
			isa = PBXNativeTarget;
			buildConfigurationList = 92A32D7A24C799B8007C960E /* Build configuration list for PBXNativeTarget "Joli (iOS)" */;
			buildPhases = (
				92A32E0F24C7A250007C960E /* Copy Config */,
				92A32D4F24C799B8007C960E /* Sources */,
				92A32D5024C799B8007C960E /* Frameworks */,
				92A32D5124C799B8007C960E /* Resources */,
			);
			buildRules = (
			);
			dependencies = (
			);
			name = "Joli (iOS)";
			packageProductDependencies = (
				92A32E1324C7A448007C960E /* JoliApi */,
				92A32E1524C7A448007C960E /* Kingfisher */,
				92A32E1724C7A448007C960E /* UIImageColors */,
				92A32E1924C7A448007C960E /* Version */,
				92A32E1B24C7A448007C960E /* LetterAvatarKit */,
			);
			productName = "Joli (iOS)";
			productReference = 92A32D5324C799B8007C960E /* Joli.app */;
			productType = "com.apple.product-type.application";
		};
		92A32D5924C799B8007C960E /* Joli (macOS) */ = {
			isa = PBXNativeTarget;
			buildConfigurationList = 92A32D7D24C799B8007C960E /* Build configuration list for PBXNativeTarget "Joli (macOS)" */;
			buildPhases = (
				92A32D5624C799B8007C960E /* Sources */,
				92A32D5724C799B8007C960E /* Frameworks */,
				92A32D5824C799B8007C960E /* Resources */,
			);
			buildRules = (
			);
			dependencies = (
			);
			name = "Joli (macOS)";
			productName = "Joli (macOS)";
			productReference = 92A32D5A24C799B8007C960E /* Joli.app */;
			productType = "com.apple.product-type.application";
		};
		92A32D6124C799B8007C960E /* Tests iOS */ = {
			isa = PBXNativeTarget;
			buildConfigurationList = 92A32D8024C799B8007C960E /* Build configuration list for PBXNativeTarget "Tests iOS" */;
			buildPhases = (
				92A32D5E24C799B8007C960E /* Sources */,
				92A32D5F24C799B8007C960E /* Frameworks */,
				92A32D6024C799B8007C960E /* Resources */,
			);
			buildRules = (
			);
			dependencies = (
				92A32D6424C799B8007C960E /* PBXTargetDependency */,
			);
			name = "Tests iOS";
			productName = "Tests iOS";
			productReference = 92A32D6224C799B8007C960E /* Tests iOS.xctest */;
			productType = "com.apple.product-type.bundle.ui-testing";
		};
		92A32D6C24C799B8007C960E /* Tests macOS */ = {
			isa = PBXNativeTarget;
			buildConfigurationList = 92A32D8324C799B8007C960E /* Build configuration list for PBXNativeTarget "Tests macOS" */;
			buildPhases = (
				92A32D6924C799B8007C960E /* Sources */,
				92A32D6A24C799B8007C960E /* Frameworks */,
				92A32D6B24C799B8007C960E /* Resources */,
			);
			buildRules = (
			);
			dependencies = (
				92A32D6F24C799B8007C960E /* PBXTargetDependency */,
			);
			name = "Tests macOS";
			productName = "Tests macOS";
			productReference = 92A32D6D24C799B8007C960E /* Tests macOS.xctest */;
			productType = "com.apple.product-type.bundle.ui-testing";
		};
/* End PBXNativeTarget section */

/* Begin PBXProject section */
		92F379D72363534D005FE2AB /* Project object */ = {
			isa = PBXProject;
			attributes = {
				KnownAssetTags = (
					New,
				);
				LastSwiftUpdateCheck = 1200;
				LastUpgradeCheck = 1130;
				ORGANIZATIONNAME = "Anthony Chinwo";
				TargetAttributes = {
					92A32D5224C799B8007C960E = {
						CreatedOnToolsVersion = 12.0;
					};
					92A32D5924C799B8007C960E = {
						CreatedOnToolsVersion = 12.0;
					};
					92A32D6124C799B8007C960E = {
						CreatedOnToolsVersion = 12.0;
						TestTargetID = 92A32D5224C799B8007C960E;
					};
					92A32D6C24C799B8007C960E = {
						CreatedOnToolsVersion = 12.0;
						TestTargetID = 92A32D5924C799B8007C960E;
					};
				};
			};
			buildConfigurationList = 92F379DA2363534D005FE2AB /* Build configuration list for PBXProject "Joli" */;
			compatibilityVersion = "Xcode 9.3";
			developmentRegion = en;
			hasScannedForEncodings = 0;
			knownRegions = (
				en,
				Base,
				fr,
			);
			mainGroup = 92F379D62363534D005FE2AB;
			packageReferences = (
				92BCCBE02403FBD5001AEF25 /* XCRemoteSwiftPackageReference "JoliApi" */,
				92E518CE248EEF3E00722A83 /* XCRemoteSwiftPackageReference "Kingfisher" */,
				92C258B524939F780035A05B /* XCRemoteSwiftPackageReference "UIImageColors" */,
				92D4E31724A0A4B400EF32A5 /* XCRemoteSwiftPackageReference "Version" */,
				929BD6D524C4DF9400446DBE /* XCRemoteSwiftPackageReference "LetterAvatarKit" */,
			);
			productRefGroup = 92F379E02363534D005FE2AB /* Products */;
			projectDirPath = "";
			projectRoot = "";
			targets = (
				92A32D5224C799B8007C960E /* Joli (iOS) */,
				92A32D5924C799B8007C960E /* Joli (macOS) */,
				92A32D6124C799B8007C960E /* Tests iOS */,
				92A32D6C24C799B8007C960E /* Tests macOS */,
			);
		};
/* End PBXProject section */

/* Begin PBXResourcesBuildPhase section */
		92A32D5124C799B8007C960E /* Resources */ = {
			isa = PBXResourcesBuildPhase;
			buildActionMask = 2147483647;
			files = (
				92A32DAD24C79B3D007C960E /* Localizable.strings in Resources */,
				92A32DA724C79B3D007C960E /* Production.xcconfig in Resources */,
				92A32DC124C79B6C007C960E /* Preview Assets.xcassets in Resources */,
				92A32E1E24C7A9F2007C960E /* env.json in Resources */,
				92A32DA324C79B3D007C960E /* party-people.jpg in Resources */,
				92A32DA124C79B3D007C960E /* Spotify_Icon_RGB_Green.png in Resources */,
				92A32D9D24C79B3D007C960E /* Development.xcconfig in Resources */,
				92A32DA524C79B3D007C960E /* Assets.xcassets in Resources */,
				92A32D9B24C79B3D007C960E /* african_giant_cover.jpg in Resources */,
				92A32DAB24C79B3D007C960E /* joil_icon_rounded.png in Resources */,
			);
			runOnlyForDeploymentPostprocessing = 0;
		};
		92A32D5824C799B8007C960E /* Resources */ = {
			isa = PBXResourcesBuildPhase;
			buildActionMask = 2147483647;
			files = (
				92A32DAE24C79B3D007C960E /* Localizable.strings in Resources */,
				92A32DA824C79B3D007C960E /* Production.xcconfig in Resources */,
				92A32DC224C79B6C007C960E /* Preview Assets.xcassets in Resources */,
				92A32E1F24C7A9FC007C960E /* env.json in Resources */,
				92A32DA424C79B3D007C960E /* party-people.jpg in Resources */,
				92A32DA224C79B3D007C960E /* Spotify_Icon_RGB_Green.png in Resources */,
				92A32D9E24C79B3D007C960E /* Development.xcconfig in Resources */,
				92A32DA624C79B3D007C960E /* Assets.xcassets in Resources */,
				92A32D9C24C79B3D007C960E /* african_giant_cover.jpg in Resources */,
				92A32DAC24C79B3D007C960E /* joil_icon_rounded.png in Resources */,
			);
			runOnlyForDeploymentPostprocessing = 0;
		};
		92A32D6024C799B8007C960E /* Resources */ = {
			isa = PBXResourcesBuildPhase;
			buildActionMask = 2147483647;
			files = (
			);
			runOnlyForDeploymentPostprocessing = 0;
		};
		92A32D6B24C799B8007C960E /* Resources */ = {
			isa = PBXResourcesBuildPhase;
			buildActionMask = 2147483647;
			files = (
			);
			runOnlyForDeploymentPostprocessing = 0;
		};
/* End PBXResourcesBuildPhase section */

/* Begin PBXShellScriptBuildPhase section */
		92A32E0F24C7A250007C960E /* Copy Config */ = {
			isa = PBXShellScriptBuildPhase;
			buildActionMask = 2147483647;
			files = (
			);
			inputFileListPaths = (
			);
			inputPaths = (
			);
			name = "Copy Config";
			outputFileListPaths = (
			);
			outputPaths = (
				"${SRCROOT}/Shared/Generated/Config/Config.plist",
			);
			runOnlyForDeploymentPostprocessing = 0;
			shellPath = /bin/sh;
			shellScript = "# Type a script or drag a script file from your workspace to insert its path.\ncp -fp \"${SRCROOT}/Shared/Resources/${XCC_CONFIG_PATH}\" \"${SRCROOT}/Shared/Generated/Config/Config.plist\"\n";
		};
/* End PBXShellScriptBuildPhase section */

/* Begin PBXSourcesBuildPhase section */
		92A32D4F24C799B8007C960E /* Sources */ = {
			isa = PBXSourcesBuildPhase;
			buildActionMask = 2147483647;
			files = (
				92A32DE424C79C07007C960E /* TrackSearchView.swift in Sources */,
				92A32DEC24C79C07007C960E /* UserProfileView.swift in Sources */,
				92A32DF824C79C07007C960E /* MusicLibraryView.swift in Sources */,
				92A32D7624C799B8007C960E /* ContentView.swift in Sources */,
				92A32E0A24C79C07007C960E /* LogOnView.swift in Sources */,
				92A32DFC24C79C07007C960E /* ImageView.swift in Sources */,
				92A32DB724C79B59007C960E /* UserSettings.swift in Sources */,
				92A32DE624C79C07007C960E /* ServiceAlert.swift in Sources */,
				92A32DBB24C79B59007C960E /* AppState+Methods.swift in Sources */,
				92A32DF624C79C07007C960E /* TrackList.swift in Sources */,
				92A32DB924C79B59007C960E /* AppState+Spotify.swift in Sources */,
				92A32DE824C79C07007C960E /* FeedbackSettingsView.swift in Sources */,
				92A32DF024C79C07007C960E /* AppDelegate.swift in Sources */,
				92A32DF424C79C07007C960E /* Extensions.swift in Sources */,
				92A32E0624C79C07007C960E /* TrackView.swift in Sources */,
				92A32DEA24C79C07007C960E /* App.swift in Sources */,
				92A32DFE24C79C07007C960E /* CircleImage.swift in Sources */,
				92A32DB524C79B59007C960E /* AppState.swift in Sources */,
				92A32DF224C79C07007C960E /* PlayQueueView.swift in Sources */,
				92A32DDE24C79C07007C960E /* PeopleGridView.swift in Sources */,
				92A32DE024C79C07007C960E /* MusicroomView.swift in Sources */,
				92A32D8724C79A13007C960E /* SceneDelegate.swift in Sources */,
				92A32DDC24C79C07007C960E /* ImagePicker.swift in Sources */,
				92A32D8924C79A13007C960E /* Styles.swift in Sources */,
				92A32E0824C79C07007C960E /* ProfileView.swift in Sources */,
				92A32E0424C79C07007C960E /* ActivityView.swift in Sources */,
				92A32DEE24C79C07007C960E /* ShareSheet.swift in Sources */,
				92A32E0024C79C07007C960E /* AppView.swift in Sources */,
				92A32DBD24C79B59007C960E /* AppState+Publisher.swift in Sources */,
				92A32DE224C79C07007C960E /* SettingsView.swift in Sources */,
				92A32E0224C79C07007C960E /* MusicroomCreateView.swift in Sources */,
				92A32DFA24C79C07007C960E /* MusicroomList.swift in Sources */,
			);
			runOnlyForDeploymentPostprocessing = 0;
		};
		92A32D5624C799B8007C960E /* Sources */ = {
			isa = PBXSourcesBuildPhase;
			buildActionMask = 2147483647;
			files = (
				92A32DE524C79C07007C960E /* TrackSearchView.swift in Sources */,
				92A32DED24C79C07007C960E /* UserProfileView.swift in Sources */,
				92A32DF924C79C07007C960E /* MusicLibraryView.swift in Sources */,
				92A32D7724C799B8007C960E /* ContentView.swift in Sources */,
				92A32E0B24C79C07007C960E /* LogOnView.swift in Sources */,
				92A32DFD24C79C07007C960E /* ImageView.swift in Sources */,
				92A32DB824C79B59007C960E /* UserSettings.swift in Sources */,
				92A32DE724C79C07007C960E /* ServiceAlert.swift in Sources */,
				92A32DBC24C79B59007C960E /* AppState+Methods.swift in Sources */,
				92A32DF724C79C07007C960E /* TrackList.swift in Sources */,
				92A32DBA24C79B59007C960E /* AppState+Spotify.swift in Sources */,
				92A32DE924C79C07007C960E /* FeedbackSettingsView.swift in Sources */,
				92A32DF124C79C07007C960E /* AppDelegate.swift in Sources */,
				92A32DF524C79C07007C960E /* Extensions.swift in Sources */,
				92A32E0724C79C07007C960E /* TrackView.swift in Sources */,
				92A32DEB24C79C07007C960E /* App.swift in Sources */,
				92A32DFF24C79C07007C960E /* CircleImage.swift in Sources */,
				92A32DB624C79B59007C960E /* AppState.swift in Sources */,
				92A32DF324C79C07007C960E /* PlayQueueView.swift in Sources */,
				92A32DDF24C79C07007C960E /* PeopleGridView.swift in Sources */,
				92A32DE124C79C07007C960E /* MusicroomView.swift in Sources */,
				92A32D8624C79A13007C960E /* SceneDelegate.swift in Sources */,
				92A32DDD24C79C07007C960E /* ImagePicker.swift in Sources */,
				92A32D8824C79A13007C960E /* Styles.swift in Sources */,
				92A32E0924C79C07007C960E /* ProfileView.swift in Sources */,
				92A32E0524C79C07007C960E /* ActivityView.swift in Sources */,
				92A32DEF24C79C07007C960E /* ShareSheet.swift in Sources */,
				92A32E0124C79C07007C960E /* AppView.swift in Sources */,
				92A32DBE24C79B59007C960E /* AppState+Publisher.swift in Sources */,
				92A32DE324C79C07007C960E /* SettingsView.swift in Sources */,
				92A32E0324C79C07007C960E /* MusicroomCreateView.swift in Sources */,
				92A32DFB24C79C07007C960E /* MusicroomList.swift in Sources */,
			);
			runOnlyForDeploymentPostprocessing = 0;
		};
		92A32D5E24C799B8007C960E /* Sources */ = {
			isa = PBXSourcesBuildPhase;
			buildActionMask = 2147483647;
			files = (
				92A32D6724C799B8007C960E /* Tests_iOS.swift in Sources */,
			);
			runOnlyForDeploymentPostprocessing = 0;
		};
		92A32D6924C799B8007C960E /* Sources */ = {
			isa = PBXSourcesBuildPhase;
			buildActionMask = 2147483647;
			files = (
				92A32D7224C799B8007C960E /* Tests_macOS.swift in Sources */,
			);
			runOnlyForDeploymentPostprocessing = 0;
		};
/* End PBXSourcesBuildPhase section */

/* Begin PBXTargetDependency section */
		92A32D6424C799B8007C960E /* PBXTargetDependency */ = {
			isa = PBXTargetDependency;
			target = 92A32D5224C799B8007C960E /* Joli (iOS) */;
			targetProxy = 92A32D6324C799B8007C960E /* PBXContainerItemProxy */;
		};
		92A32D6F24C799B8007C960E /* PBXTargetDependency */ = {
			isa = PBXTargetDependency;
			target = 92A32D5924C799B8007C960E /* Joli (macOS) */;
			targetProxy = 92A32D6E24C799B8007C960E /* PBXContainerItemProxy */;
		};
/* End PBXTargetDependency section */

/* Begin PBXVariantGroup section */
		92A32D9924C79B3D007C960E /* Localizable.strings */ = {
			isa = PBXVariantGroup;
			children = (
				92A32D9A24C79B3D007C960E /* fr */,
				92A32E2424C7B145007C960E /* en */,
			);
			name = Localizable.strings;
			sourceTree = "<group>";
		};
		92F379ED2363534F005FE2AB /* LaunchScreen.storyboard */ = {
			isa = PBXVariantGroup;
			children = (
				92F379EE2363534F005FE2AB /* Base */,
			);
			name = LaunchScreen.storyboard;
			sourceTree = "<group>";
		};
/* End PBXVariantGroup section */

/* Begin XCBuildConfiguration section */
		92A32D7B24C799B8007C960E /* Debug */ = {
			isa = XCBuildConfiguration;
			baseConfigurationReference = 92A32D9024C79B3D007C960E /* Development.xcconfig */;
			buildSettings = {
				ASSETCATALOG_COMPILER_APPICON_NAME = AppIcon;
				ASSETCATALOG_COMPILER_GLOBAL_ACCENT_COLOR_NAME = AccentColor;
				CLANG_WARN_QUOTED_INCLUDE_IN_FRAMEWORK_HEADER = YES;
				CODE_SIGN_ENTITLEMENTS = Joli.entitlements;
				CODE_SIGN_STYLE = Automatic;
				DEBUG_INFORMATION_FORMAT = dwarf;
				DEVELOPMENT_TEAM = 2L26ZMA265;
				ENABLE_PREVIEWS = YES;
				FRAMEWORK_SEARCH_PATHS = (
					"$(inherited)",
					"$(PROJECT_DIR)",
				);
				INFOPLIST_FILE = iOS/Info.plist;
				IPHONEOS_DEPLOYMENT_TARGET = 14.0;
				LD_RUNPATH_SEARCH_PATHS = (
					"$(inherited)",
					"@executable_path/Frameworks",
				);
				PRODUCT_BUNDLE_IDENTIFIER = app.jolimc.Joli;
				PRODUCT_NAME = Joli;
				SDKROOT = iphoneos;
				SWIFT_OBJC_BRIDGING_HEADER = "Joli-Bridging-Header.h";
				SWIFT_VERSION = 5.0;
				TARGETED_DEVICE_FAMILY = 1;
			};
			name = Debug;
		};
		92A32D7C24C799B8007C960E /* Release */ = {
			isa = XCBuildConfiguration;
			baseConfigurationReference = 92A32D9624C79B3D007C960E /* Production.xcconfig */;
			buildSettings = {
				ASSETCATALOG_COMPILER_APPICON_NAME = AppIcon;
				ASSETCATALOG_COMPILER_GLOBAL_ACCENT_COLOR_NAME = AccentColor;
				CLANG_WARN_QUOTED_INCLUDE_IN_FRAMEWORK_HEADER = YES;
				CODE_SIGN_ENTITLEMENTS = Joli.entitlements;
				CODE_SIGN_STYLE = Automatic;
				DEVELOPMENT_TEAM = 2L26ZMA265;
				ENABLE_PREVIEWS = YES;
				FRAMEWORK_SEARCH_PATHS = (
					"$(inherited)",
					"$(PROJECT_DIR)",
				);
				INFOPLIST_FILE = iOS/Info.plist;
				IPHONEOS_DEPLOYMENT_TARGET = 14.0;
				LD_RUNPATH_SEARCH_PATHS = (
					"$(inherited)",
					"@executable_path/Frameworks",
				);
				PRODUCT_BUNDLE_IDENTIFIER = app.jolimc.Joli;
				PRODUCT_NAME = Joli;
				SDKROOT = iphoneos;
				SWIFT_OBJC_BRIDGING_HEADER = "Joli-Bridging-Header.h";
				SWIFT_VERSION = 5.0;
				TARGETED_DEVICE_FAMILY = 1;
				VALIDATE_PRODUCT = YES;
			};
			name = Release;
		};
		92A32D7E24C799B8007C960E /* Debug */ = {
			isa = XCBuildConfiguration;
			baseConfigurationReference = 92A32D9024C79B3D007C960E /* Development.xcconfig */;
			buildSettings = {
				ASSETCATALOG_COMPILER_APPICON_NAME = AppIcon;
				ASSETCATALOG_COMPILER_GLOBAL_ACCENT_COLOR_NAME = AccentColor;
				CLANG_WARN_QUOTED_INCLUDE_IN_FRAMEWORK_HEADER = YES;
				CODE_SIGN_ENTITLEMENTS = macOS/macOS.entitlements;
				CODE_SIGN_STYLE = Automatic;
				COMBINE_HIDPI_IMAGES = YES;
				DEBUG_INFORMATION_FORMAT = dwarf;
				DEVELOPMENT_TEAM = 2L26ZMA265;
				ENABLE_HARDENED_RUNTIME = YES;
				ENABLE_PREVIEWS = YES;
				INFOPLIST_FILE = macOS/Info.plist;
				LD_RUNPATH_SEARCH_PATHS = (
					"$(inherited)",
					"@executable_path/../Frameworks",
				);
				MACOSX_DEPLOYMENT_TARGET = 10.16;
				PRODUCT_BUNDLE_IDENTIFIER = com.jolimc.Joli;
				PRODUCT_NAME = Joli;
				SDKROOT = macosx;
				SWIFT_OBJC_BRIDGING_HEADER = "Joli-Bridging-Header.h";
				SWIFT_VERSION = 5.0;
			};
			name = Debug;
		};
		92A32D7F24C799B8007C960E /* Release */ = {
			isa = XCBuildConfiguration;
			baseConfigurationReference = 92A32D9624C79B3D007C960E /* Production.xcconfig */;
			buildSettings = {
				ASSETCATALOG_COMPILER_APPICON_NAME = AppIcon;
				ASSETCATALOG_COMPILER_GLOBAL_ACCENT_COLOR_NAME = AccentColor;
				CLANG_WARN_QUOTED_INCLUDE_IN_FRAMEWORK_HEADER = YES;
				CODE_SIGN_ENTITLEMENTS = macOS/macOS.entitlements;
				CODE_SIGN_STYLE = Automatic;
				COMBINE_HIDPI_IMAGES = YES;
				DEVELOPMENT_TEAM = 2L26ZMA265;
				ENABLE_HARDENED_RUNTIME = YES;
				ENABLE_PREVIEWS = YES;
				INFOPLIST_FILE = macOS/Info.plist;
				LD_RUNPATH_SEARCH_PATHS = (
					"$(inherited)",
					"@executable_path/../Frameworks",
				);
				MACOSX_DEPLOYMENT_TARGET = 10.16;
				PRODUCT_BUNDLE_IDENTIFIER = com.jolimc.Joli;
				PRODUCT_NAME = Joli;
				SDKROOT = macosx;
				SWIFT_OBJC_BRIDGING_HEADER = "Joli-Bridging-Header.h";
				SWIFT_VERSION = 5.0;
			};
			name = Release;
		};
		92A32D8124C799B8007C960E /* Debug */ = {
			isa = XCBuildConfiguration;
			baseConfigurationReference = 92A32D9024C79B3D007C960E /* Development.xcconfig */;
			buildSettings = {
				ALWAYS_EMBED_SWIFT_STANDARD_LIBRARIES = YES;
				CLANG_WARN_QUOTED_INCLUDE_IN_FRAMEWORK_HEADER = YES;
				CODE_SIGN_STYLE = Automatic;
				DEBUG_INFORMATION_FORMAT = dwarf;
				DEVELOPMENT_TEAM = 2L26ZMA265;
				INFOPLIST_FILE = "Tests iOS/Info.plist";
				IPHONEOS_DEPLOYMENT_TARGET = 14.0;
				LD_RUNPATH_SEARCH_PATHS = (
					"$(inherited)",
					"@executable_path/Frameworks",
					"@loader_path/Frameworks",
				);
				PRODUCT_BUNDLE_IDENTIFIER = "com.jolimc.Tests-iOS";
				PRODUCT_NAME = "$(TARGET_NAME)";
				SWIFT_VERSION = 5.0;
				TARGETED_DEVICE_FAMILY = "1,2";
				TEST_TARGET_NAME = "Joli (iOS)";
			};
			name = Debug;
		};
		92A32D8224C799B8007C960E /* Release */ = {
			isa = XCBuildConfiguration;
			baseConfigurationReference = 92A32D9624C79B3D007C960E /* Production.xcconfig */;
			buildSettings = {
				ALWAYS_EMBED_SWIFT_STANDARD_LIBRARIES = YES;
				CLANG_WARN_QUOTED_INCLUDE_IN_FRAMEWORK_HEADER = YES;
				CODE_SIGN_STYLE = Automatic;
				DEVELOPMENT_TEAM = 2L26ZMA265;
				INFOPLIST_FILE = "Tests iOS/Info.plist";
				IPHONEOS_DEPLOYMENT_TARGET = 14.0;
				LD_RUNPATH_SEARCH_PATHS = (
					"$(inherited)",
					"@executable_path/Frameworks",
					"@loader_path/Frameworks",
				);
				PRODUCT_BUNDLE_IDENTIFIER = "com.jolimc.Tests-iOS";
				PRODUCT_NAME = "$(TARGET_NAME)";
				SWIFT_VERSION = 5.0;
				TARGETED_DEVICE_FAMILY = "1,2";
				TEST_TARGET_NAME = "Joli (iOS)";
			};
			name = Release;
		};
		92A32D8424C799B8007C960E /* Debug */ = {
			isa = XCBuildConfiguration;
			baseConfigurationReference = 92A32D9024C79B3D007C960E /* Development.xcconfig */;
			buildSettings = {
				ALWAYS_EMBED_SWIFT_STANDARD_LIBRARIES = YES;
				CLANG_WARN_QUOTED_INCLUDE_IN_FRAMEWORK_HEADER = YES;
				CODE_SIGN_STYLE = Automatic;
				COMBINE_HIDPI_IMAGES = YES;
				DEBUG_INFORMATION_FORMAT = dwarf;
				DEVELOPMENT_TEAM = 2L26ZMA265;
				INFOPLIST_FILE = "Tests macOS/Info.plist";
				LD_RUNPATH_SEARCH_PATHS = (
					"$(inherited)",
					"@executable_path/../Frameworks",
					"@loader_path/../Frameworks",
				);
				MACOSX_DEPLOYMENT_TARGET = 10.16;
				PRODUCT_BUNDLE_IDENTIFIER = "com.jolimc.Tests-macOS";
				PRODUCT_NAME = "$(TARGET_NAME)";
				SDKROOT = macosx;
				SWIFT_VERSION = 5.0;
				TEST_TARGET_NAME = "Joli (macOS)";
			};
			name = Debug;
		};
		92A32D8524C799B8007C960E /* Release */ = {
			isa = XCBuildConfiguration;
			baseConfigurationReference = 92A32D9624C79B3D007C960E /* Production.xcconfig */;
			buildSettings = {
				ALWAYS_EMBED_SWIFT_STANDARD_LIBRARIES = YES;
				CLANG_WARN_QUOTED_INCLUDE_IN_FRAMEWORK_HEADER = YES;
				CODE_SIGN_STYLE = Automatic;
				COMBINE_HIDPI_IMAGES = YES;
				DEVELOPMENT_TEAM = 2L26ZMA265;
				INFOPLIST_FILE = "Tests macOS/Info.plist";
				LD_RUNPATH_SEARCH_PATHS = (
					"$(inherited)",
					"@executable_path/../Frameworks",
					"@loader_path/../Frameworks",
				);
				MACOSX_DEPLOYMENT_TARGET = 10.16;
				PRODUCT_BUNDLE_IDENTIFIER = "com.jolimc.Tests-macOS";
				PRODUCT_NAME = "$(TARGET_NAME)";
				SDKROOT = macosx;
				SWIFT_VERSION = 5.0;
				TEST_TARGET_NAME = "Joli (macOS)";
			};
			name = Release;
		};
		92F37A072363534F005FE2AB /* Debug */ = {
			isa = XCBuildConfiguration;
			baseConfigurationReference = 92A32D9024C79B3D007C960E /* Development.xcconfig */;
			buildSettings = {
				ALWAYS_SEARCH_USER_PATHS = NO;
				CLANG_ANALYZER_LOCALIZABILITY_NONLOCALIZED = YES;
				CLANG_ANALYZER_NONNULL = YES;
				CLANG_ANALYZER_NUMBER_OBJECT_CONVERSION = YES_AGGRESSIVE;
				CLANG_CXX_LANGUAGE_STANDARD = "gnu++14";
				CLANG_CXX_LIBRARY = "libc++";
				CLANG_ENABLE_MODULES = YES;
				CLANG_ENABLE_OBJC_ARC = YES;
				CLANG_ENABLE_OBJC_WEAK = YES;
				CLANG_WARN_BLOCK_CAPTURE_AUTORELEASING = YES;
				CLANG_WARN_BOOL_CONVERSION = YES;
				CLANG_WARN_COMMA = YES;
				CLANG_WARN_CONSTANT_CONVERSION = YES;
				CLANG_WARN_DEPRECATED_OBJC_IMPLEMENTATIONS = YES;
				CLANG_WARN_DIRECT_OBJC_ISA_USAGE = YES_ERROR;
				CLANG_WARN_DOCUMENTATION_COMMENTS = YES;
				CLANG_WARN_EMPTY_BODY = YES;
				CLANG_WARN_ENUM_CONVERSION = YES;
				CLANG_WARN_INFINITE_RECURSION = YES;
				CLANG_WARN_INT_CONVERSION = YES;
				CLANG_WARN_NON_LITERAL_NULL_CONVERSION = YES;
				CLANG_WARN_OBJC_IMPLICIT_RETAIN_SELF = YES;
				CLANG_WARN_OBJC_LITERAL_CONVERSION = YES;
				CLANG_WARN_OBJC_ROOT_CLASS = YES_ERROR;
				CLANG_WARN_RANGE_LOOP_ANALYSIS = YES;
				CLANG_WARN_STRICT_PROTOTYPES = YES;
				CLANG_WARN_SUSPICIOUS_MOVE = YES;
				CLANG_WARN_UNGUARDED_AVAILABILITY = YES_AGGRESSIVE;
				CLANG_WARN_UNREACHABLE_CODE = YES;
				CLANG_WARN__DUPLICATE_METHOD_MATCH = YES;
				COPY_PHASE_STRIP = NO;
				DEBUG_INFORMATION_FORMAT = "dwarf-with-dsym";
				ENABLE_STRICT_OBJC_MSGSEND = YES;
				ENABLE_TESTABILITY = YES;
				GCC_C_LANGUAGE_STANDARD = gnu11;
				GCC_DYNAMIC_NO_PIC = NO;
				GCC_NO_COMMON_BLOCKS = YES;
				GCC_OPTIMIZATION_LEVEL = 0;
				GCC_PREPROCESSOR_DEFINITIONS = (
					"DEBUG=1",
					"$(inherited)",
				);
				GCC_WARN_64_TO_32_BIT_CONVERSION = YES;
				GCC_WARN_ABOUT_RETURN_TYPE = YES_ERROR;
				GCC_WARN_UNDECLARED_SELECTOR = YES;
				GCC_WARN_UNINITIALIZED_AUTOS = YES_AGGRESSIVE;
				GCC_WARN_UNUSED_FUNCTION = YES;
				GCC_WARN_UNUSED_VARIABLE = YES;
				IPHONEOS_DEPLOYMENT_TARGET = 14.0;
				MACOSX_DEPLOYMENT_TARGET = 10.16;
				MTL_ENABLE_DEBUG_INFO = INCLUDE_SOURCE;
				MTL_FAST_MATH = YES;
				ONLY_ACTIVE_ARCH = YES;
				SDKROOT = iphoneos;
				SWIFT_ACTIVE_COMPILATION_CONDITIONS = DEBUG;
				SWIFT_OPTIMIZATION_LEVEL = "-Onone";
			};
			name = Debug;
		};
		92F37A082363534F005FE2AB /* Release */ = {
			isa = XCBuildConfiguration;
			baseConfigurationReference = 92A32D9624C79B3D007C960E /* Production.xcconfig */;
			buildSettings = {
				ALWAYS_SEARCH_USER_PATHS = NO;
				CLANG_ANALYZER_LOCALIZABILITY_NONLOCALIZED = YES;
				CLANG_ANALYZER_NONNULL = YES;
				CLANG_ANALYZER_NUMBER_OBJECT_CONVERSION = YES_AGGRESSIVE;
				CLANG_CXX_LANGUAGE_STANDARD = "gnu++14";
				CLANG_CXX_LIBRARY = "libc++";
				CLANG_ENABLE_MODULES = YES;
				CLANG_ENABLE_OBJC_ARC = YES;
				CLANG_ENABLE_OBJC_WEAK = YES;
				CLANG_WARN_BLOCK_CAPTURE_AUTORELEASING = YES;
				CLANG_WARN_BOOL_CONVERSION = YES;
				CLANG_WARN_COMMA = YES;
				CLANG_WARN_CONSTANT_CONVERSION = YES;
				CLANG_WARN_DEPRECATED_OBJC_IMPLEMENTATIONS = YES;
				CLANG_WARN_DIRECT_OBJC_ISA_USAGE = YES_ERROR;
				CLANG_WARN_DOCUMENTATION_COMMENTS = YES;
				CLANG_WARN_EMPTY_BODY = YES;
				CLANG_WARN_ENUM_CONVERSION = YES;
				CLANG_WARN_INFINITE_RECURSION = YES;
				CLANG_WARN_INT_CONVERSION = YES;
				CLANG_WARN_NON_LITERAL_NULL_CONVERSION = YES;
				CLANG_WARN_OBJC_IMPLICIT_RETAIN_SELF = YES;
				CLANG_WARN_OBJC_LITERAL_CONVERSION = YES;
				CLANG_WARN_OBJC_ROOT_CLASS = YES_ERROR;
				CLANG_WARN_RANGE_LOOP_ANALYSIS = YES;
				CLANG_WARN_STRICT_PROTOTYPES = YES;
				CLANG_WARN_SUSPICIOUS_MOVE = YES;
				CLANG_WARN_UNGUARDED_AVAILABILITY = YES_AGGRESSIVE;
				CLANG_WARN_UNREACHABLE_CODE = YES;
				CLANG_WARN__DUPLICATE_METHOD_MATCH = YES;
				COPY_PHASE_STRIP = NO;
				DEBUG_INFORMATION_FORMAT = "dwarf-with-dsym";
				ENABLE_NS_ASSERTIONS = NO;
				ENABLE_STRICT_OBJC_MSGSEND = YES;
				GCC_C_LANGUAGE_STANDARD = gnu11;
				GCC_NO_COMMON_BLOCKS = YES;
				GCC_WARN_64_TO_32_BIT_CONVERSION = YES;
				GCC_WARN_ABOUT_RETURN_TYPE = YES_ERROR;
				GCC_WARN_UNDECLARED_SELECTOR = YES;
				GCC_WARN_UNINITIALIZED_AUTOS = YES_AGGRESSIVE;
				GCC_WARN_UNUSED_FUNCTION = YES;
				GCC_WARN_UNUSED_VARIABLE = YES;
				IPHONEOS_DEPLOYMENT_TARGET = 14.0;
				MACOSX_DEPLOYMENT_TARGET = 10.16;
				MTL_ENABLE_DEBUG_INFO = NO;
				MTL_FAST_MATH = YES;
				SDKROOT = iphoneos;
				SWIFT_COMPILATION_MODE = wholemodule;
				SWIFT_OPTIMIZATION_LEVEL = "-O";
				VALIDATE_PRODUCT = YES;
			};
			name = Release;
		};
/* End XCBuildConfiguration section */

/* Begin XCConfigurationList section */
		92A32D7A24C799B8007C960E /* Build configuration list for PBXNativeTarget "Joli (iOS)" */ = {
			isa = XCConfigurationList;
			buildConfigurations = (
				92A32D7B24C799B8007C960E /* Debug */,
				92A32D7C24C799B8007C960E /* Release */,
			);
			defaultConfigurationIsVisible = 0;
			defaultConfigurationName = Release;
		};
		92A32D7D24C799B8007C960E /* Build configuration list for PBXNativeTarget "Joli (macOS)" */ = {
			isa = XCConfigurationList;
			buildConfigurations = (
				92A32D7E24C799B8007C960E /* Debug */,
				92A32D7F24C799B8007C960E /* Release */,
			);
			defaultConfigurationIsVisible = 0;
			defaultConfigurationName = Release;
		};
		92A32D8024C799B8007C960E /* Build configuration list for PBXNativeTarget "Tests iOS" */ = {
			isa = XCConfigurationList;
			buildConfigurations = (
				92A32D8124C799B8007C960E /* Debug */,
				92A32D8224C799B8007C960E /* Release */,
			);
			defaultConfigurationIsVisible = 0;
			defaultConfigurationName = Release;
		};
		92A32D8324C799B8007C960E /* Build configuration list for PBXNativeTarget "Tests macOS" */ = {
			isa = XCConfigurationList;
			buildConfigurations = (
				92A32D8424C799B8007C960E /* Debug */,
				92A32D8524C799B8007C960E /* Release */,
			);
			defaultConfigurationIsVisible = 0;
			defaultConfigurationName = Release;
		};
		92F379DA2363534D005FE2AB /* Build configuration list for PBXProject "Joli" */ = {
			isa = XCConfigurationList;
			buildConfigurations = (
				92F37A072363534F005FE2AB /* Debug */,
				92F37A082363534F005FE2AB /* Release */,
			);
			defaultConfigurationIsVisible = 0;
			defaultConfigurationName = Release;
		};
/* End XCConfigurationList section */

/* Begin XCRemoteSwiftPackageReference section */
		929BD6D524C4DF9400446DBE /* XCRemoteSwiftPackageReference "LetterAvatarKit" */ = {
			isa = XCRemoteSwiftPackageReference;
			repositoryURL = "https://github.com/vpeschenkov/LetterAvatarKit.git";
			requirement = {
				kind = upToNextMajorVersion;
				minimumVersion = 1.2.3;
			};
		};
		92BCCBE02403FBD5001AEF25 /* XCRemoteSwiftPackageReference "JoliApi" */ = {
			isa = XCRemoteSwiftPackageReference;
			repositoryURL = "https://github.com/achinwo/JoliApi.git";
			requirement = {
				branch = master;
				kind = branch;
			};
		};
		92C258B524939F780035A05B /* XCRemoteSwiftPackageReference "UIImageColors" */ = {
			isa = XCRemoteSwiftPackageReference;
			repositoryURL = "https://github.com/jathu/UIImageColors.git";
			requirement = {
				kind = upToNextMajorVersion;
				minimumVersion = 2.2.0;
			};
		};
		92D4E31724A0A4B400EF32A5 /* XCRemoteSwiftPackageReference "Version" */ = {
			isa = XCRemoteSwiftPackageReference;
			repositoryURL = "https://github.com/mxcl/Version.git";
			requirement = {
				kind = upToNextMajorVersion;
				minimumVersion = 2.0.0;
			};
		};
		92E518CE248EEF3E00722A83 /* XCRemoteSwiftPackageReference "Kingfisher" */ = {
			isa = XCRemoteSwiftPackageReference;
			repositoryURL = "https://github.com/onevcat/Kingfisher.git";
			requirement = {
				kind = upToNextMajorVersion;
				minimumVersion = 5.14.0;
			};
		};
/* End XCRemoteSwiftPackageReference section */

/* Begin XCSwiftPackageProductDependency section */
		92A32E1324C7A448007C960E /* JoliApi */ = {
			isa = XCSwiftPackageProductDependency;
			productName = JoliApi;
		};
		92A32E1524C7A448007C960E /* Kingfisher */ = {
			isa = XCSwiftPackageProductDependency;
			package = 92E518CE248EEF3E00722A83 /* XCRemoteSwiftPackageReference "Kingfisher" */;
			productName = Kingfisher;
		};
		92A32E1724C7A448007C960E /* UIImageColors */ = {
			isa = XCSwiftPackageProductDependency;
			package = 92C258B524939F780035A05B /* XCRemoteSwiftPackageReference "UIImageColors" */;
			productName = UIImageColors;
		};
		92A32E1924C7A448007C960E /* Version */ = {
			isa = XCSwiftPackageProductDependency;
			package = 92D4E31724A0A4B400EF32A5 /* XCRemoteSwiftPackageReference "Version" */;
			productName = Version;
		};
		92A32E1B24C7A448007C960E /* LetterAvatarKit */ = {
			isa = XCSwiftPackageProductDependency;
			package = 929BD6D524C4DF9400446DBE /* XCRemoteSwiftPackageReference "LetterAvatarKit" */;
			productName = LetterAvatarKit;
		};
/* End XCSwiftPackageProductDependency section */
	};
	rootObject = 92F379D72363534D005FE2AB /* Project object */;
}
