// !$*UTF8*$!
{
	archiveVersion = 1;
	classes = {
	};
	objectVersion = 52;
	objects = {

/* Begin PBXBuildFile section */
		920086FE245BB0F6008D81F1 /* SpotifyiOS.framework in Frameworks */ = {isa = PBXBuildFile; fileRef = 925E5C72236A742100D95AB7 /* SpotifyiOS.framework */; settings = {ATTRIBUTES = (Required, ); }; };
		92061A84236B0175007FC6F1 /* Extensions.swift in Sources */ = {isa = PBXBuildFile; fileRef = 92061A83236B0175007FC6F1 /* Extensions.swift */; };
		920F872D23CD374D008F18E0 /* ServiceAlert.swift in Sources */ = {isa = PBXBuildFile; fileRef = 920F872C23CD374D008F18E0 /* ServiceAlert.swift */; };
		9218811D24C7805B00CBCCF1 /* Localizable.strings in Resources */ = {isa = PBXBuildFile; fileRef = 9218811F24C7805B00CBCCF1 /* Localizable.strings */; };
		921AAD5223AF88F000243335 /* Spotify_Icon_RGB_Green.png in Resources */ = {isa = PBXBuildFile; fileRef = 921AAD5123AF88F000243335 /* Spotify_Icon_RGB_Green.png */; };
		921AAD5423B10CA700243335 /* FeedbackSettingsView.swift in Sources */ = {isa = PBXBuildFile; fileRef = 921AAD5323B10CA700243335 /* FeedbackSettingsView.swift */; };
		9236F8B524C4B68700059100 /* PeopleGridView.swift in Sources */ = {isa = PBXBuildFile; fileRef = 9236F8B424C4B68700059100 /* PeopleGridView.swift */; };
		925774BA23AD3DC3001DB707 /* MusicLibraryView.swift in Sources */ = {isa = PBXBuildFile; fileRef = 925774B923AD3DC3001DB707 /* MusicLibraryView.swift */; };
		925774BC23AD66E4001DB707 /* ActivityView.swift in Sources */ = {isa = PBXBuildFile; fileRef = 925774BB23AD66E4001DB707 /* ActivityView.swift */; };
		925E5C712369D85900D95AB7 /* CircleImage.swift in Sources */ = {isa = PBXBuildFile; fileRef = 925E5C6F2369D85900D95AB7 /* CircleImage.swift */; };
		925FC09523775BB100A8A72C /* LogOnView.swift in Sources */ = {isa = PBXBuildFile; fileRef = 925FC09423775BB100A8A72C /* LogOnView.swift */; };
		925FC097237777E600A8A72C /* PlayQueueView.swift in Sources */ = {isa = PBXBuildFile; fileRef = 925FC096237777E600A8A72C /* PlayQueueView.swift */; };
		925FC0992377793100A8A72C /* african_giant_cover.jpg in Resources */ = {isa = PBXBuildFile; fileRef = 925FC0982377793100A8A72C /* african_giant_cover.jpg */; };
		925FC09B23777A0A00A8A72C /* MusicroomView.swift in Sources */ = {isa = PBXBuildFile; fileRef = 925FC09A23777A0A00A8A72C /* MusicroomView.swift */; };
		925FC09D2378B81100A8A72C /* TrackView.swift in Sources */ = {isa = PBXBuildFile; fileRef = 925FC09C2378B81100A8A72C /* TrackView.swift */; };
		925FC09F2379FE5900A8A72C /* AppView.swift in Sources */ = {isa = PBXBuildFile; fileRef = 925FC09E2379FE5900A8A72C /* AppView.swift */; };
		926E8FDF24C76C1500378436 /* ImagePicker.swift in Sources */ = {isa = PBXBuildFile; fileRef = 926E8FDE24C76C1500378436 /* ImagePicker.swift */; };
		926E8FE124C76DE100378436 /* Styles.swift in Sources */ = {isa = PBXBuildFile; fileRef = 926E8FE024C76DE100378436 /* Styles.swift */; };
		926E8FE324C76E3800378436 /* ImageView.swift in Sources */ = {isa = PBXBuildFile; fileRef = 926E8FE224C76E3800378436 /* ImageView.swift */; };
		9271D42C239D3FCF00CE1425 /* MusicroomCreateView.swift in Sources */ = {isa = PBXBuildFile; fileRef = 9271D42B239D3FCF00CE1425 /* MusicroomCreateView.swift */; };
		9273FD4E2463417E00F7FE66 /* ShareSheet.swift in Sources */ = {isa = PBXBuildFile; fileRef = 9273FD4D2463417E00F7FE66 /* ShareSheet.swift */; };
		9273FD50246491B800F7FE66 /* joil_icon_rounded.png in Resources */ = {isa = PBXBuildFile; fileRef = 9273FD4F246491B800F7FE66 /* joil_icon_rounded.png */; };
		9274D921238DE71400A43752 /* SettingsView.swift in Sources */ = {isa = PBXBuildFile; fileRef = 9274D920238DE71400A43752 /* SettingsView.swift */; };
		928F6EBA23761F7700FAC911 /* TrackSearchView.swift in Sources */ = {isa = PBXBuildFile; fileRef = 928F6EB923761F7700FAC911 /* TrackSearchView.swift */; };
		929BA5CC24C7925F00B11188 /* JoliApi in Resources */ = {isa = PBXBuildFile; fileRef = 929BA5CA24C7925F00B11188 /* JoliApi */; };
		929BA5CD24C7925F00B11188 /* env.json in Resources */ = {isa = PBXBuildFile; fileRef = 929BA5CB24C7925F00B11188 /* env.json */; };
		929BD6D724C4DF9400446DBE /* LetterAvatarKit in Frameworks */ = {isa = PBXBuildFile; productRef = 929BD6D624C4DF9400446DBE /* LetterAvatarKit */; };
		929BD6D924C4EAB400446DBE /* TrackList.swift in Sources */ = {isa = PBXBuildFile; fileRef = 929BD6D824C4EAB400446DBE /* TrackList.swift */; };
		929BD6DB24C5003200446DBE /* ProfileView.swift in Sources */ = {isa = PBXBuildFile; fileRef = 929BD6DA24C5003100446DBE /* ProfileView.swift */; };
		929D155624BB612F00229A9F /* App.swift in Sources */ = {isa = PBXBuildFile; fileRef = 929D155524BB612F00229A9F /* App.swift */; };
		92B0716D2364F8A80070EC73 /* MusicroomList.swift in Sources */ = {isa = PBXBuildFile; fileRef = 92B0716C2364F8A80070EC73 /* MusicroomList.swift */; };
		92B071762364FA2D0070EC73 /* AppState.swift in Sources */ = {isa = PBXBuildFile; fileRef = 92B071752364FA2D0070EC73 /* AppState.swift */; };
		92BCCBE22403FBD5001AEF25 /* JoliApi in Frameworks */ = {isa = PBXBuildFile; productRef = 92BCCBE12403FBD5001AEF25 /* JoliApi */; };
		92C0DCEA249C1AF3001780C2 /* UserSettings.swift in Sources */ = {isa = PBXBuildFile; fileRef = 92C0DCE9249C1AF3001780C2 /* UserSettings.swift */; };
		92C0DCEC249C3C71001780C2 /* AppState+Spotify.swift in Sources */ = {isa = PBXBuildFile; fileRef = 92C0DCEB249C3C71001780C2 /* AppState+Spotify.swift */; };
		92C0DCEE249C3CC3001780C2 /* AppState+Methods.swift in Sources */ = {isa = PBXBuildFile; fileRef = 92C0DCED249C3CC3001780C2 /* AppState+Methods.swift */; };
		92C0DCF0249C4596001780C2 /* AppState+Publisher.swift in Sources */ = {isa = PBXBuildFile; fileRef = 92C0DCEF249C4596001780C2 /* AppState+Publisher.swift */; };
		92C258B724939F780035A05B /* UIImageColors in Frameworks */ = {isa = PBXBuildFile; productRef = 92C258B624939F780035A05B /* UIImageColors */; };
		92D19BA623BB9D66006D6B41 /* UserProfileView.swift in Sources */ = {isa = PBXBuildFile; fileRef = 92D19BA523BB9D66006D6B41 /* UserProfileView.swift */; };
		92D4E31924A0A4B400EF32A5 /* Version in Frameworks */ = {isa = PBXBuildFile; productRef = 92D4E31824A0A4B400EF32A5 /* Version */; };
		92D90BEA236C890B00EAAD31 /* party-people.jpg in Resources */ = {isa = PBXBuildFile; fileRef = 92D90BE9236C890B00EAAD31 /* party-people.jpg */; };
		92E518D2248EEF3E00722A83 /* Kingfisher in Frameworks */ = {isa = PBXBuildFile; productRef = 92E518D1248EEF3E00722A83 /* Kingfisher */; };
		92F379E32363534D005FE2AB /* AppDelegate.swift in Sources */ = {isa = PBXBuildFile; fileRef = 92F379E22363534D005FE2AB /* AppDelegate.swift */; };
		92F379E52363534D005FE2AB /* SceneDelegate.swift in Sources */ = {isa = PBXBuildFile; fileRef = 92F379E42363534D005FE2AB /* SceneDelegate.swift */; };
		92F379E92363534F005FE2AB /* Assets.xcassets in Resources */ = {isa = PBXBuildFile; fileRef = 92F379E82363534F005FE2AB /* Assets.xcassets */; };
		92F379EC2363534F005FE2AB /* Preview Assets.xcassets in Resources */ = {isa = PBXBuildFile; fileRef = 92F379EB2363534F005FE2AB /* Preview Assets.xcassets */; };
		92F379EF2363534F005FE2AB /* LaunchScreen.storyboard in Resources */ = {isa = PBXBuildFile; fileRef = 92F379ED2363534F005FE2AB /* LaunchScreen.storyboard */; };
		92F379FA2363534F005FE2AB /* JoliTests.swift in Sources */ = {isa = PBXBuildFile; fileRef = 92F379F92363534F005FE2AB /* JoliTests.swift */; };
/* End PBXBuildFile section */

/* Begin PBXContainerItemProxy section */
		92F379F62363534F005FE2AB /* PBXContainerItemProxy */ = {
			isa = PBXContainerItemProxy;
			containerPortal = 92F379D72363534D005FE2AB /* Project object */;
			proxyType = 1;
			remoteGlobalIDString = 92F379DE2363534D005FE2AB;
			remoteInfo = Joli;
		};
/* End PBXContainerItemProxy section */

/* Begin PBXCopyFilesBuildPhase section */
		925FC0A6237EA25100A8A72C /* Embed PlugIns */ = {
			isa = PBXCopyFilesBuildPhase;
			buildActionMask = 2147483647;
			dstPath = "";
			dstSubfolderSpec = 13;
			files = (
			);
			name = "Embed PlugIns";
			runOnlyForDeploymentPostprocessing = 0;
		};
		929314CC248EE65F00B7AFBD /* Embed Frameworks */ = {
			isa = PBXCopyFilesBuildPhase;
			buildActionMask = 2147483647;
			dstPath = "";
			dstSubfolderSpec = 10;
			files = (
			);
			name = "Embed Frameworks";
			runOnlyForDeploymentPostprocessing = 0;
		};
		92FF317223DCDE9C009EAF7D /* Embed Watch Content */ = {
			isa = PBXCopyFilesBuildPhase;
			buildActionMask = 2147483647;
			dstPath = "$(CONTENTS_FOLDER_PATH)/Watch";
			dstSubfolderSpec = 16;
			files = (
			);
			name = "Embed Watch Content";
			runOnlyForDeploymentPostprocessing = 0;
		};
/* End PBXCopyFilesBuildPhase section */

/* Begin PBXFileReference section */
		92061A83236B0175007FC6F1 /* Extensions.swift */ = {isa = PBXFileReference; lastKnownFileType = sourcecode.swift; path = Extensions.swift; sourceTree = "<group>"; };
		920F872C23CD374D008F18E0 /* ServiceAlert.swift */ = {isa = PBXFileReference; lastKnownFileType = sourcecode.swift; path = ServiceAlert.swift; sourceTree = "<group>"; };
		9218812024C7807D00CBCCF1 /* fr */ = {isa = PBXFileReference; lastKnownFileType = text.plist.strings; name = fr; path = fr.lproj/Localizable.strings; sourceTree = "<group>"; };
		921AAD5123AF88F000243335 /* Spotify_Icon_RGB_Green.png */ = {isa = PBXFileReference; lastKnownFileType = image.png; path = Spotify_Icon_RGB_Green.png; sourceTree = "<group>"; };
		921AAD5323B10CA700243335 /* FeedbackSettingsView.swift */ = {isa = PBXFileReference; lastKnownFileType = sourcecode.swift; path = FeedbackSettingsView.swift; sourceTree = "<group>"; };
		9234320D23BFD2F700E24E96 /* NotificationCenter.framework */ = {isa = PBXFileReference; lastKnownFileType = wrapper.framework; name = NotificationCenter.framework; path = System/Library/Frameworks/NotificationCenter.framework; sourceTree = SDKROOT; };
		9236F8B424C4B68700059100 /* PeopleGridView.swift */ = {isa = PBXFileReference; lastKnownFileType = sourcecode.swift; path = PeopleGridView.swift; sourceTree = "<group>"; };
		925774B923AD3DC3001DB707 /* MusicLibraryView.swift */ = {isa = PBXFileReference; lastKnownFileType = sourcecode.swift; path = MusicLibraryView.swift; sourceTree = "<group>"; };
		925774BB23AD66E4001DB707 /* ActivityView.swift */ = {isa = PBXFileReference; lastKnownFileType = sourcecode.swift; path = ActivityView.swift; sourceTree = "<group>"; };
		925E5C6F2369D85900D95AB7 /* CircleImage.swift */ = {isa = PBXFileReference; fileEncoding = 4; lastKnownFileType = sourcecode.swift; path = CircleImage.swift; sourceTree = "<group>"; };
		925E5C72236A742100D95AB7 /* SpotifyiOS.framework */ = {isa = PBXFileReference; lastKnownFileType = wrapper.framework; path = SpotifyiOS.framework; sourceTree = "<group>"; };
		925E5C76236A753700D95AB7 /* Joli-Bridging-Header.h */ = {isa = PBXFileReference; lastKnownFileType = sourcecode.c.h; path = "Joli-Bridging-Header.h"; sourceTree = "<group>"; };
		925FC09423775BB100A8A72C /* LogOnView.swift */ = {isa = PBXFileReference; lastKnownFileType = sourcecode.swift; path = LogOnView.swift; sourceTree = "<group>"; };
		925FC096237777E600A8A72C /* PlayQueueView.swift */ = {isa = PBXFileReference; lastKnownFileType = sourcecode.swift; path = PlayQueueView.swift; sourceTree = "<group>"; };
		925FC0982377793100A8A72C /* african_giant_cover.jpg */ = {isa = PBXFileReference; lastKnownFileType = image.jpeg; path = african_giant_cover.jpg; sourceTree = "<group>"; };
		925FC09A23777A0A00A8A72C /* MusicroomView.swift */ = {isa = PBXFileReference; lastKnownFileType = sourcecode.swift; path = MusicroomView.swift; sourceTree = "<group>"; };
		925FC09C2378B81100A8A72C /* TrackView.swift */ = {isa = PBXFileReference; lastKnownFileType = sourcecode.swift; path = TrackView.swift; sourceTree = "<group>"; };
		925FC09E2379FE5900A8A72C /* AppView.swift */ = {isa = PBXFileReference; lastKnownFileType = sourcecode.swift; path = AppView.swift; sourceTree = "<group>"; };
		9262E863239C993100891F6C /* Joli.entitlements */ = {isa = PBXFileReference; lastKnownFileType = text.plist.entitlements; path = Joli.entitlements; sourceTree = "<group>"; };
		926E8FDE24C76C1500378436 /* ImagePicker.swift */ = {isa = PBXFileReference; lastKnownFileType = sourcecode.swift; path = ImagePicker.swift; sourceTree = "<group>"; };
		926E8FE024C76DE100378436 /* Styles.swift */ = {isa = PBXFileReference; lastKnownFileType = sourcecode.swift; path = Styles.swift; sourceTree = "<group>"; };
		926E8FE224C76E3800378436 /* ImageView.swift */ = {isa = PBXFileReference; lastKnownFileType = sourcecode.swift; path = ImageView.swift; sourceTree = "<group>"; };
		9271D42B239D3FCF00CE1425 /* MusicroomCreateView.swift */ = {isa = PBXFileReference; lastKnownFileType = sourcecode.swift; path = MusicroomCreateView.swift; sourceTree = "<group>"; };
		9273FD4D2463417E00F7FE66 /* ShareSheet.swift */ = {isa = PBXFileReference; lastKnownFileType = sourcecode.swift; path = ShareSheet.swift; sourceTree = "<group>"; };
		9273FD4F246491B800F7FE66 /* joil_icon_rounded.png */ = {isa = PBXFileReference; lastKnownFileType = image.png; path = joil_icon_rounded.png; sourceTree = "<group>"; };
		9273FD5224664F6000F7FE66 /* Config.plist */ = {isa = PBXFileReference; lastKnownFileType = text.plist.xml; path = Config.plist; sourceTree = "<group>"; };
		9273FD5424664F8C00F7FE66 /* Production.xcconfig */ = {isa = PBXFileReference; lastKnownFileType = text.xcconfig; path = Production.xcconfig; sourceTree = "<group>"; };
		9273FD562466503500F7FE66 /* Config.plist */ = {isa = PBXFileReference; lastKnownFileType = text.plist.xml; path = Config.plist; sourceTree = "<group>"; };
		9273FD582466504700F7FE66 /* Development.xcconfig */ = {isa = PBXFileReference; lastKnownFileType = text.xcconfig; path = Development.xcconfig; sourceTree = "<group>"; };
		9274D920238DE71400A43752 /* SettingsView.swift */ = {isa = PBXFileReference; lastKnownFileType = sourcecode.swift; path = SettingsView.swift; sourceTree = "<group>"; };
		928F6EB923761F7700FAC911 /* TrackSearchView.swift */ = {isa = PBXFileReference; lastKnownFileType = sourcecode.swift; path = TrackSearchView.swift; sourceTree = "<group>"; };
		929BA5CA24C7925F00B11188 /* JoliApi */ = {isa = PBXFileReference; lastKnownFileType = folder; path = JoliApi; sourceTree = "<group>"; };
		929BA5CB24C7925F00B11188 /* env.json */ = {isa = PBXFileReference; fileEncoding = 4; lastKnownFileType = text.json; path = env.json; sourceTree = "<group>"; };
		929BD6D824C4EAB400446DBE /* TrackList.swift */ = {isa = PBXFileReference; lastKnownFileType = sourcecode.swift; path = TrackList.swift; sourceTree = "<group>"; };
		929BD6DA24C5003100446DBE /* ProfileView.swift */ = {isa = PBXFileReference; lastKnownFileType = sourcecode.swift; path = ProfileView.swift; sourceTree = "<group>"; };
		929D155524BB612F00229A9F /* App.swift */ = {isa = PBXFileReference; lastKnownFileType = sourcecode.swift; path = App.swift; sourceTree = "<group>"; };
		92B0716C2364F8A80070EC73 /* MusicroomList.swift */ = {isa = PBXFileReference; lastKnownFileType = sourcecode.swift; path = MusicroomList.swift; sourceTree = "<group>"; };
		92B071752364FA2D0070EC73 /* AppState.swift */ = {isa = PBXFileReference; lastKnownFileType = sourcecode.swift; path = AppState.swift; sourceTree = "<group>"; };
		92C0DCE9249C1AF3001780C2 /* UserSettings.swift */ = {isa = PBXFileReference; lastKnownFileType = sourcecode.swift; path = UserSettings.swift; sourceTree = "<group>"; };
		92C0DCEB249C3C71001780C2 /* AppState+Spotify.swift */ = {isa = PBXFileReference; lastKnownFileType = sourcecode.swift; path = "AppState+Spotify.swift"; sourceTree = "<group>"; };
		92C0DCED249C3CC3001780C2 /* AppState+Methods.swift */ = {isa = PBXFileReference; lastKnownFileType = sourcecode.swift; path = "AppState+Methods.swift"; sourceTree = "<group>"; };
		92C0DCEF249C4596001780C2 /* AppState+Publisher.swift */ = {isa = PBXFileReference; lastKnownFileType = sourcecode.swift; path = "AppState+Publisher.swift"; sourceTree = "<group>"; };
		92D19BA523BB9D66006D6B41 /* UserProfileView.swift */ = {isa = PBXFileReference; lastKnownFileType = sourcecode.swift; path = UserProfileView.swift; sourceTree = "<group>"; };
		92D90BE9236C890B00EAAD31 /* party-people.jpg */ = {isa = PBXFileReference; lastKnownFileType = image.jpeg; path = "party-people.jpg"; sourceTree = "<group>"; };
		92F379DF2363534D005FE2AB /* Joli.app */ = {isa = PBXFileReference; explicitFileType = wrapper.application; includeInIndex = 0; path = Joli.app; sourceTree = BUILT_PRODUCTS_DIR; };
		92F379E22363534D005FE2AB /* AppDelegate.swift */ = {isa = PBXFileReference; lastKnownFileType = sourcecode.swift; path = AppDelegate.swift; sourceTree = "<group>"; };
		92F379E42363534D005FE2AB /* SceneDelegate.swift */ = {isa = PBXFileReference; lastKnownFileType = sourcecode.swift; path = SceneDelegate.swift; sourceTree = "<group>"; };
		92F379E82363534F005FE2AB /* Assets.xcassets */ = {isa = PBXFileReference; lastKnownFileType = folder.assetcatalog; path = Assets.xcassets; sourceTree = "<group>"; };
		92F379EB2363534F005FE2AB /* Preview Assets.xcassets */ = {isa = PBXFileReference; lastKnownFileType = folder.assetcatalog; path = "Preview Assets.xcassets"; sourceTree = "<group>"; };
		92F379EE2363534F005FE2AB /* Base */ = {isa = PBXFileReference; lastKnownFileType = file.storyboard; name = Base; path = Base.lproj/LaunchScreen.storyboard; sourceTree = "<group>"; };
		92F379F02363534F005FE2AB /* Info.plist */ = {isa = PBXFileReference; lastKnownFileType = text.plist.xml; path = Info.plist; sourceTree = "<group>"; };
		92F379F52363534F005FE2AB /* JoliTests.xctest */ = {isa = PBXFileReference; explicitFileType = wrapper.cfbundle; includeInIndex = 0; path = JoliTests.xctest; sourceTree = BUILT_PRODUCTS_DIR; };
		92F379F92363534F005FE2AB /* JoliTests.swift */ = {isa = PBXFileReference; lastKnownFileType = sourcecode.swift; path = JoliTests.swift; sourceTree = "<group>"; };
		92F379FB2363534F005FE2AB /* Info.plist */ = {isa = PBXFileReference; lastKnownFileType = text.plist.xml; path = Info.plist; sourceTree = "<group>"; };
/* End PBXFileReference section */

/* Begin PBXFrameworksBuildPhase section */
		92F379DC2363534D005FE2AB /* Frameworks */ = {
			isa = PBXFrameworksBuildPhase;
			buildActionMask = 2147483647;
			files = (
				92C258B724939F780035A05B /* UIImageColors in Frameworks */,
				92BCCBE22403FBD5001AEF25 /* JoliApi in Frameworks */,
				920086FE245BB0F6008D81F1 /* SpotifyiOS.framework in Frameworks */,
				92D4E31924A0A4B400EF32A5 /* Version in Frameworks */,
				929BD6D724C4DF9400446DBE /* LetterAvatarKit in Frameworks */,
				92E518D2248EEF3E00722A83 /* Kingfisher in Frameworks */,
			);
			runOnlyForDeploymentPostprocessing = 0;
		};
		92F379F22363534F005FE2AB /* Frameworks */ = {
			isa = PBXFrameworksBuildPhase;
			buildActionMask = 2147483647;
			files = (
			);
			runOnlyForDeploymentPostprocessing = 0;
		};
/* End PBXFrameworksBuildPhase section */

/* Begin PBXGroup section */
		9236F8B324C4B62300059100 /* Components */ = {
			isa = PBXGroup;
			children = (
				9236F8B424C4B68700059100 /* PeopleGridView.swift */,
				929BD6D824C4EAB400446DBE /* TrackList.swift */,
				929BD6DA24C5003100446DBE /* ProfileView.swift */,
				926E8FDE24C76C1500378436 /* ImagePicker.swift */,
				926E8FE224C76E3800378436 /* ImageView.swift */,
			);
			name = Components;
			sourceTree = "<group>";
		};
		925E5C6D2369D7E000D95AB7 /* Views */ = {
			isa = PBXGroup;
			children = (
				92B0716C2364F8A80070EC73 /* MusicroomList.swift */,
				925E5C6F2369D85900D95AB7 /* CircleImage.swift */,
				925FC09423775BB100A8A72C /* LogOnView.swift */,
				925FC096237777E600A8A72C /* PlayQueueView.swift */,
				925FC09A23777A0A00A8A72C /* MusicroomView.swift */,
				925FC09C2378B81100A8A72C /* TrackView.swift */,
				9274D920238DE71400A43752 /* SettingsView.swift */,
				9271D42B239D3FCF00CE1425 /* MusicroomCreateView.swift */,
				925774B923AD3DC3001DB707 /* MusicLibraryView.swift */,
				925774BB23AD66E4001DB707 /* ActivityView.swift */,
				928F6EB923761F7700FAC911 /* TrackSearchView.swift */,
				921AAD5323B10CA700243335 /* FeedbackSettingsView.swift */,
				92D19BA523BB9D66006D6B41 /* UserProfileView.swift */,
				9273FD4D2463417E00F7FE66 /* ShareSheet.swift */,
			);
			name = Views;
			sourceTree = "<group>";
		};
		9273FD5124664F1C00F7FE66 /* Production */ = {
			isa = PBXGroup;
			children = (
				9273FD5224664F6000F7FE66 /* Config.plist */,
				9273FD5424664F8C00F7FE66 /* Production.xcconfig */,
			);
			path = Production;
			sourceTree = "<group>";
		};
		9273FD552466502200F7FE66 /* Development */ = {
			isa = PBXGroup;
			children = (
				9273FD562466503500F7FE66 /* Config.plist */,
				9273FD582466504700F7FE66 /* Development.xcconfig */,
			);
			path = Development;
			sourceTree = "<group>";
		};
		92C0DCE8249C1A98001780C2 /* State */ = {
			isa = PBXGroup;
			children = (
				92B071752364FA2D0070EC73 /* AppState.swift */,
				92C0DCE9249C1AF3001780C2 /* UserSettings.swift */,
				92C0DCEB249C3C71001780C2 /* AppState+Spotify.swift */,
				92C0DCED249C3CC3001780C2 /* AppState+Methods.swift */,
				92C0DCEF249C4596001780C2 /* AppState+Publisher.swift */,
			);
			path = State;
			sourceTree = "<group>";
		};
		92D90BE8236C88B800EAAD31 /* Resources */ = {
			isa = PBXGroup;
			children = (
				9273FD552466502200F7FE66 /* Development */,
				9273FD5124664F1C00F7FE66 /* Production */,
				9273FD4F246491B800F7FE66 /* joil_icon_rounded.png */,
				921AAD5123AF88F000243335 /* Spotify_Icon_RGB_Green.png */,
				925FC0982377793100A8A72C /* african_giant_cover.jpg */,
				92D90BE9236C890B00EAAD31 /* party-people.jpg */,
				92F379E82363534F005FE2AB /* Assets.xcassets */,
				9218811F24C7805B00CBCCF1 /* Localizable.strings */,
			);
			path = Resources;
			sourceTree = "<group>";
		};
		92F379D62363534D005FE2AB = {
			isa = PBXGroup;
			children = (
				929BA5CB24C7925F00B11188 /* env.json */,
				925E5C76236A753700D95AB7 /* Joli-Bridging-Header.h */,
				929BA5CA24C7925F00B11188 /* JoliApi */,
				92F379E12363534D005FE2AB /* Joli */,
				92F379F82363534F005FE2AB /* JoliTests */,
				92F379E02363534D005FE2AB /* Products */,
				92F37A18236458F2005FE2AB /* Frameworks */,
			);
			sourceTree = "<group>";
		};
		92F379E02363534D005FE2AB /* Products */ = {
			isa = PBXGroup;
			children = (
				92F379DF2363534D005FE2AB /* Joli.app */,
				92F379F52363534F005FE2AB /* JoliTests.xctest */,
			);
			name = Products;
			sourceTree = "<group>";
		};
		92F379E12363534D005FE2AB /* Joli */ = {
			isa = PBXGroup;
			children = (
				92F379EA2363534F005FE2AB /* Preview Content */,
				9236F8B324C4B62300059100 /* Components */,
				92C0DCE8249C1A98001780C2 /* State */,
				92D90BE8236C88B800EAAD31 /* Resources */,
				925E5C6D2369D7E000D95AB7 /* Views */,
				92F379E22363534D005FE2AB /* AppDelegate.swift */,
				92F379E42363534D005FE2AB /* SceneDelegate.swift */,
				92F379ED2363534F005FE2AB /* LaunchScreen.storyboard */,
				92F379F02363534F005FE2AB /* Info.plist */,
				9262E863239C993100891F6C /* Joli.entitlements */,
				92061A83236B0175007FC6F1 /* Extensions.swift */,
				925FC09E2379FE5900A8A72C /* AppView.swift */,
				920F872C23CD374D008F18E0 /* ServiceAlert.swift */,
				929D155524BB612F00229A9F /* App.swift */,
				926E8FE024C76DE100378436 /* Styles.swift */,
			);
			path = Joli;
			sourceTree = "<group>";
		};
		92F379EA2363534F005FE2AB /* Preview Content */ = {
			isa = PBXGroup;
			children = (
				92F379EB2363534F005FE2AB /* Preview Assets.xcassets */,
			);
			path = "Preview Content";
			sourceTree = "<group>";
		};
		92F379F82363534F005FE2AB /* JoliTests */ = {
			isa = PBXGroup;
			children = (
				92F379F92363534F005FE2AB /* JoliTests.swift */,
				92F379FB2363534F005FE2AB /* Info.plist */,
			);
			path = JoliTests;
			sourceTree = "<group>";
		};
		92F37A18236458F2005FE2AB /* Frameworks */ = {
			isa = PBXGroup;
			children = (
				925E5C72236A742100D95AB7 /* SpotifyiOS.framework */,
				9234320D23BFD2F700E24E96 /* NotificationCenter.framework */,
			);
			name = Frameworks;
			sourceTree = "<group>";
		};
/* End PBXGroup section */

/* Begin PBXNativeTarget section */
		92F379DE2363534D005FE2AB /* Joli */ = {
			isa = PBXNativeTarget;
			buildConfigurationList = 92F37A092363534F005FE2AB /* Build configuration list for PBXNativeTarget "Joli" */;
			buildPhases = (
				9273FD5A2466527E00F7FE66 /* Copy Config */,
				92F379DB2363534D005FE2AB /* Sources */,
				92F379DC2363534D005FE2AB /* Frameworks */,
				92F379DD2363534D005FE2AB /* Resources */,
				925FC0A6237EA25100A8A72C /* Embed PlugIns */,
				92FF317223DCDE9C009EAF7D /* Embed Watch Content */,
				929314CC248EE65F00B7AFBD /* Embed Frameworks */,
			);
			buildRules = (
			);
			dependencies = (
			);
			name = Joli;
			packageProductDependencies = (
				92BCCBE12403FBD5001AEF25 /* JoliApi */,
				92E518D1248EEF3E00722A83 /* Kingfisher */,
				92C258B624939F780035A05B /* UIImageColors */,
				92D4E31824A0A4B400EF32A5 /* Version */,
				929BD6D624C4DF9400446DBE /* LetterAvatarKit */,
			);
			productName = Joli;
			productReference = 92F379DF2363534D005FE2AB /* Joli.app */;
			productType = "com.apple.product-type.application";
		};
		92F379F42363534F005FE2AB /* JoliTests */ = {
			isa = PBXNativeTarget;
			buildConfigurationList = 92F37A0C2363534F005FE2AB /* Build configuration list for PBXNativeTarget "JoliTests" */;
			buildPhases = (
				92F379F12363534F005FE2AB /* Sources */,
				92F379F22363534F005FE2AB /* Frameworks */,
				92F379F32363534F005FE2AB /* Resources */,
			);
			buildRules = (
			);
			dependencies = (
				92F379F72363534F005FE2AB /* PBXTargetDependency */,
			);
			name = JoliTests;
			productName = JoliTests;
			productReference = 92F379F52363534F005FE2AB /* JoliTests.xctest */;
			productType = "com.apple.product-type.bundle.unit-test";
		};
/* End PBXNativeTarget section */

/* Begin PBXProject section */
		92F379D72363534D005FE2AB /* Project object */ = {
			isa = PBXProject;
			attributes = {
				KnownAssetTags = (
					New,
				);
				LastSwiftUpdateCheck = 1130;
				LastUpgradeCheck = 1130;
				ORGANIZATIONNAME = "Anthony Chinwo";
				TargetAttributes = {
					92F379DE2363534D005FE2AB = {
						CreatedOnToolsVersion = 11.1;
					};
					92F379F42363534F005FE2AB = {
						CreatedOnToolsVersion = 11.1;
						TestTargetID = 92F379DE2363534D005FE2AB;
					};
				};
			};
			buildConfigurationList = 92F379DA2363534D005FE2AB /* Build configuration list for PBXProject "Joli" */;
			compatibilityVersion = "Xcode 9.3";
			developmentRegion = en;
			hasScannedForEncodings = 0;
			knownRegions = (
				en,
				Base,
				fr,
			);
			mainGroup = 92F379D62363534D005FE2AB;
			packageReferences = (
				92BCCBE02403FBD5001AEF25 /* XCRemoteSwiftPackageReference "JoliApi" */,
				92E518CE248EEF3E00722A83 /* XCRemoteSwiftPackageReference "Kingfisher" */,
				92C258B524939F780035A05B /* XCRemoteSwiftPackageReference "UIImageColors" */,
				92D4E31724A0A4B400EF32A5 /* XCRemoteSwiftPackageReference "Version" */,
				929BD6D524C4DF9400446DBE /* XCRemoteSwiftPackageReference "LetterAvatarKit" */,
			);
			productRefGroup = 92F379E02363534D005FE2AB /* Products */;
			projectDirPath = "";
			projectRoot = "";
			targets = (
				92F379DE2363534D005FE2AB /* Joli */,
				92F379F42363534F005FE2AB /* JoliTests */,
			);
		};
/* End PBXProject section */

/* Begin PBXResourcesBuildPhase section */
		92F379DD2363534D005FE2AB /* Resources */ = {
			isa = PBXResourcesBuildPhase;
			buildActionMask = 2147483647;
			files = (
				929BA5CC24C7925F00B11188 /* JoliApi in Resources */,
				9273FD50246491B800F7FE66 /* joil_icon_rounded.png in Resources */,
				92F379EF2363534F005FE2AB /* LaunchScreen.storyboard in Resources */,
				929BA5CD24C7925F00B11188 /* env.json in Resources */,
				921AAD5223AF88F000243335 /* Spotify_Icon_RGB_Green.png in Resources */,
				92D90BEA236C890B00EAAD31 /* party-people.jpg in Resources */,
				92F379EC2363534F005FE2AB /* Preview Assets.xcassets in Resources */,
				9218811D24C7805B00CBCCF1 /* Localizable.strings in Resources */,
				925FC0992377793100A8A72C /* african_giant_cover.jpg in Resources */,
				92F379E92363534F005FE2AB /* Assets.xcassets in Resources */,
			);
			runOnlyForDeploymentPostprocessing = 0;
		};
		92F379F32363534F005FE2AB /* Resources */ = {
			isa = PBXResourcesBuildPhase;
			buildActionMask = 2147483647;
			files = (
			);
			runOnlyForDeploymentPostprocessing = 0;
		};
/* End PBXResourcesBuildPhase section */

/* Begin PBXShellScriptBuildPhase section */
		9273FD5A2466527E00F7FE66 /* Copy Config */ = {
			isa = PBXShellScriptBuildPhase;
			buildActionMask = 2147483647;
			files = (
			);
			inputFileListPaths = (
			);
			inputPaths = (
			);
			name = "Copy Config";
			outputFileListPaths = (
			);
			outputPaths = (
				"${SRCROOT}/Joli/Generated/Config/Config.plist",
			);
			runOnlyForDeploymentPostprocessing = 0;
			shellPath = /bin/sh;
			shellScript = "# Type a script or drag a script file from your workspace to insert its path.\ncp -fp \"${SRCROOT}/Joli/Resources/${XCC_CONFIG_PATH}\" \"${SRCROOT}/Joli/Generated/Config/Config.plist\"\n";
		};
/* End PBXShellScriptBuildPhase section */

/* Begin PBXSourcesBuildPhase section */
		92F379DB2363534D005FE2AB /* Sources */ = {
			isa = PBXSourcesBuildPhase;
			buildActionMask = 2147483647;
			files = (
				925FC09F2379FE5900A8A72C /* AppView.swift in Sources */,
				925FC09523775BB100A8A72C /* LogOnView.swift in Sources */,
				926E8FE324C76E3800378436 /* ImageView.swift in Sources */,
				92C0DCEE249C3CC3001780C2 /* AppState+Methods.swift in Sources */,
				925774BA23AD3DC3001DB707 /* MusicLibraryView.swift in Sources */,
				92B0716D2364F8A80070EC73 /* MusicroomList.swift in Sources */,
				925FC09B23777A0A00A8A72C /* MusicroomView.swift in Sources */,
				92D19BA623BB9D66006D6B41 /* UserProfileView.swift in Sources */,
				925FC097237777E600A8A72C /* PlayQueueView.swift in Sources */,
				929D155624BB612F00229A9F /* App.swift in Sources */,
				92F379E32363534D005FE2AB /* AppDelegate.swift in Sources */,
				928F6EBA23761F7700FAC911 /* TrackSearchView.swift in Sources */,
				921AAD5423B10CA700243335 /* FeedbackSettingsView.swift in Sources */,
				929BD6DB24C5003200446DBE /* ProfileView.swift in Sources */,
				9274D921238DE71400A43752 /* SettingsView.swift in Sources */,
				9236F8B524C4B68700059100 /* PeopleGridView.swift in Sources */,
				925774BC23AD66E4001DB707 /* ActivityView.swift in Sources */,
				9273FD4E2463417E00F7FE66 /* ShareSheet.swift in Sources */,
				926E8FDF24C76C1500378436 /* ImagePicker.swift in Sources */,
				92F379E52363534D005FE2AB /* SceneDelegate.swift in Sources */,
				92C0DCF0249C4596001780C2 /* AppState+Publisher.swift in Sources */,
				929BD6D924C4EAB400446DBE /* TrackList.swift in Sources */,
				926E8FE124C76DE100378436 /* Styles.swift in Sources */,
				92B071762364FA2D0070EC73 /* AppState.swift in Sources */,
				92C0DCEC249C3C71001780C2 /* AppState+Spotify.swift in Sources */,
				925E5C712369D85900D95AB7 /* CircleImage.swift in Sources */,
				925FC09D2378B81100A8A72C /* TrackView.swift in Sources */,
				92061A84236B0175007FC6F1 /* Extensions.swift in Sources */,
				920F872D23CD374D008F18E0 /* ServiceAlert.swift in Sources */,
				9271D42C239D3FCF00CE1425 /* MusicroomCreateView.swift in Sources */,
				92C0DCEA249C1AF3001780C2 /* UserSettings.swift in Sources */,
			);
			runOnlyForDeploymentPostprocessing = 0;
		};
		92F379F12363534F005FE2AB /* Sources */ = {
			isa = PBXSourcesBuildPhase;
			buildActionMask = 2147483647;
			files = (
				92F379FA2363534F005FE2AB /* JoliTests.swift in Sources */,
			);
			runOnlyForDeploymentPostprocessing = 0;
		};
/* End PBXSourcesBuildPhase section */

/* Begin PBXTargetDependency section */
		92F379F72363534F005FE2AB /* PBXTargetDependency */ = {
			isa = PBXTargetDependency;
			target = 92F379DE2363534D005FE2AB /* Joli */;
			targetProxy = 92F379F62363534F005FE2AB /* PBXContainerItemProxy */;
		};
/* End PBXTargetDependency section */

/* Begin PBXVariantGroup section */
		9218811F24C7805B00CBCCF1 /* Localizable.strings */ = {
			isa = PBXVariantGroup;
			children = (
				9218812024C7807D00CBCCF1 /* fr */,
			);
			name = Localizable.strings;
			sourceTree = "<group>";
		};
		92F379ED2363534F005FE2AB /* LaunchScreen.storyboard */ = {
			isa = PBXVariantGroup;
			children = (
				92F379EE2363534F005FE2AB /* Base */,
			);
			name = LaunchScreen.storyboard;
			sourceTree = "<group>";
		};
/* End PBXVariantGroup section */

/* Begin XCBuildConfiguration section */
		92F37A072363534F005FE2AB /* Debug */ = {
			isa = XCBuildConfiguration;
			baseConfigurationReference = 9273FD582466504700F7FE66 /* Development.xcconfig */;
			buildSettings = {
				ALWAYS_SEARCH_USER_PATHS = NO;
				CLANG_ANALYZER_LOCALIZABILITY_NONLOCALIZED = YES;
				CLANG_ANALYZER_NONNULL = YES;
				CLANG_ANALYZER_NUMBER_OBJECT_CONVERSION = YES_AGGRESSIVE;
				CLANG_CXX_LANGUAGE_STANDARD = "gnu++14";
				CLANG_CXX_LIBRARY = "libc++";
				CLANG_ENABLE_MODULES = YES;
				CLANG_ENABLE_OBJC_ARC = YES;
				CLANG_ENABLE_OBJC_WEAK = YES;
				CLANG_WARN_BLOCK_CAPTURE_AUTORELEASING = YES;
				CLANG_WARN_BOOL_CONVERSION = YES;
				CLANG_WARN_COMMA = YES;
				CLANG_WARN_CONSTANT_CONVERSION = YES;
				CLANG_WARN_DEPRECATED_OBJC_IMPLEMENTATIONS = YES;
				CLANG_WARN_DIRECT_OBJC_ISA_USAGE = YES_ERROR;
				CLANG_WARN_DOCUMENTATION_COMMENTS = YES;
				CLANG_WARN_EMPTY_BODY = YES;
				CLANG_WARN_ENUM_CONVERSION = YES;
				CLANG_WARN_INFINITE_RECURSION = YES;
				CLANG_WARN_INT_CONVERSION = YES;
				CLANG_WARN_NON_LITERAL_NULL_CONVERSION = YES;
				CLANG_WARN_OBJC_IMPLICIT_RETAIN_SELF = YES;
				CLANG_WARN_OBJC_LITERAL_CONVERSION = YES;
				CLANG_WARN_OBJC_ROOT_CLASS = YES_ERROR;
				CLANG_WARN_RANGE_LOOP_ANALYSIS = YES;
				CLANG_WARN_STRICT_PROTOTYPES = YES;
				CLANG_WARN_SUSPICIOUS_MOVE = YES;
				CLANG_WARN_UNGUARDED_AVAILABILITY = YES_AGGRESSIVE;
				CLANG_WARN_UNREACHABLE_CODE = YES;
				CLANG_WARN__DUPLICATE_METHOD_MATCH = YES;
				COPY_PHASE_STRIP = NO;
				DEBUG_INFORMATION_FORMAT = "dwarf-with-dsym";
				ENABLE_STRICT_OBJC_MSGSEND = YES;
				ENABLE_TESTABILITY = YES;
				GCC_C_LANGUAGE_STANDARD = gnu11;
				GCC_DYNAMIC_NO_PIC = NO;
				GCC_NO_COMMON_BLOCKS = YES;
				GCC_OPTIMIZATION_LEVEL = 0;
				GCC_PREPROCESSOR_DEFINITIONS = (
					"DEBUG=1",
					"$(inherited)",
				);
				GCC_WARN_64_TO_32_BIT_CONVERSION = YES;
				GCC_WARN_ABOUT_RETURN_TYPE = YES_ERROR;
				GCC_WARN_UNDECLARED_SELECTOR = YES;
				GCC_WARN_UNINITIALIZED_AUTOS = YES_AGGRESSIVE;
				GCC_WARN_UNUSED_FUNCTION = YES;
				GCC_WARN_UNUSED_VARIABLE = YES;
				IPHONEOS_DEPLOYMENT_TARGET = 13.1;
				MTL_ENABLE_DEBUG_INFO = INCLUDE_SOURCE;
				MTL_FAST_MATH = YES;
				ONLY_ACTIVE_ARCH = YES;
				SDKROOT = iphoneos;
				SWIFT_ACTIVE_COMPILATION_CONDITIONS = DEBUG;
				SWIFT_OPTIMIZATION_LEVEL = "-Onone";
			};
			name = Debug;
		};
		92F37A082363534F005FE2AB /* Release */ = {
			isa = XCBuildConfiguration;
			baseConfigurationReference = 9273FD5424664F8C00F7FE66 /* Production.xcconfig */;
			buildSettings = {
				ALWAYS_SEARCH_USER_PATHS = NO;
				CLANG_ANALYZER_LOCALIZABILITY_NONLOCALIZED = YES;
				CLANG_ANALYZER_NONNULL = YES;
				CLANG_ANALYZER_NUMBER_OBJECT_CONVERSION = YES_AGGRESSIVE;
				CLANG_CXX_LANGUAGE_STANDARD = "gnu++14";
				CLANG_CXX_LIBRARY = "libc++";
				CLANG_ENABLE_MODULES = YES;
				CLANG_ENABLE_OBJC_ARC = YES;
				CLANG_ENABLE_OBJC_WEAK = YES;
				CLANG_WARN_BLOCK_CAPTURE_AUTORELEASING = YES;
				CLANG_WARN_BOOL_CONVERSION = YES;
				CLANG_WARN_COMMA = YES;
				CLANG_WARN_CONSTANT_CONVERSION = YES;
				CLANG_WARN_DEPRECATED_OBJC_IMPLEMENTATIONS = YES;
				CLANG_WARN_DIRECT_OBJC_ISA_USAGE = YES_ERROR;
				CLANG_WARN_DOCUMENTATION_COMMENTS = YES;
				CLANG_WARN_EMPTY_BODY = YES;
				CLANG_WARN_ENUM_CONVERSION = YES;
				CLANG_WARN_INFINITE_RECURSION = YES;
				CLANG_WARN_INT_CONVERSION = YES;
				CLANG_WARN_NON_LITERAL_NULL_CONVERSION = YES;
				CLANG_WARN_OBJC_IMPLICIT_RETAIN_SELF = YES;
				CLANG_WARN_OBJC_LITERAL_CONVERSION = YES;
				CLANG_WARN_OBJC_ROOT_CLASS = YES_ERROR;
				CLANG_WARN_RANGE_LOOP_ANALYSIS = YES;
				CLANG_WARN_STRICT_PROTOTYPES = YES;
				CLANG_WARN_SUSPICIOUS_MOVE = YES;
				CLANG_WARN_UNGUARDED_AVAILABILITY = YES_AGGRESSIVE;
				CLANG_WARN_UNREACHABLE_CODE = YES;
				CLANG_WARN__DUPLICATE_METHOD_MATCH = YES;
				COPY_PHASE_STRIP = NO;
				DEBUG_INFORMATION_FORMAT = "dwarf-with-dsym";
				ENABLE_NS_ASSERTIONS = NO;
				ENABLE_STRICT_OBJC_MSGSEND = YES;
				GCC_C_LANGUAGE_STANDARD = gnu11;
				GCC_NO_COMMON_BLOCKS = YES;
				GCC_WARN_64_TO_32_BIT_CONVERSION = YES;
				GCC_WARN_ABOUT_RETURN_TYPE = YES_ERROR;
				GCC_WARN_UNDECLARED_SELECTOR = YES;
				GCC_WARN_UNINITIALIZED_AUTOS = YES_AGGRESSIVE;
				GCC_WARN_UNUSED_FUNCTION = YES;
				GCC_WARN_UNUSED_VARIABLE = YES;
				IPHONEOS_DEPLOYMENT_TARGET = 13.1;
				MTL_ENABLE_DEBUG_INFO = NO;
				MTL_FAST_MATH = YES;
				SDKROOT = iphoneos;
				SWIFT_COMPILATION_MODE = wholemodule;
				SWIFT_OPTIMIZATION_LEVEL = "-O";
				VALIDATE_PRODUCT = YES;
			};
			name = Release;
		};
		92F37A0A2363534F005FE2AB /* Debug */ = {
			isa = XCBuildConfiguration;
			buildSettings = {
				ALWAYS_EMBED_SWIFT_STANDARD_LIBRARIES = YES;
				ASSETCATALOG_COMPILER_APPICON_NAME = AppIcon;
				CODE_SIGN_ENTITLEMENTS = Joli/Joli.entitlements;
				CODE_SIGN_IDENTITY = "Apple Development";
				CODE_SIGN_STYLE = Automatic;
				CURRENT_PROJECT_VERSION = 13;
				DEVELOPMENT_ASSET_PATHS = "\"Joli/Preview Content\"";
				DEVELOPMENT_TEAM = 2L26ZMA265;
				ENABLE_PREVIEWS = YES;
				FRAMEWORK_SEARCH_PATHS = (
					"$(inherited)",
					"$(PROJECT_DIR)",
				);
				GCC_OPTIMIZATION_LEVEL = 0;
				INFOPLIST_FILE = Joli/Info.plist;
				IPHONEOS_DEPLOYMENT_TARGET = 14.0;
				LD_RUNPATH_SEARCH_PATHS = (
					"$(inherited)",
					"@executable_path/Frameworks",
				);
				LIBRARY_SEARCH_PATHS = "";
				OTHER_LDFLAGS = (
					"-all_load",
					"-ObjC",
				);
				PRODUCT_BUNDLE_IDENTIFIER = app.jolimc.Joli;
				PRODUCT_NAME = "$(TARGET_NAME)";
				PROVISIONING_PROFILE_SPECIFIER = "";
				STRIP_SWIFT_SYMBOLS = NO;
				SWIFT_INSTALL_OBJC_HEADER = YES;
				SWIFT_OBJC_BRIDGING_HEADER = "Joli-Bridging-Header.h";
				SWIFT_PRECOMPILE_BRIDGING_HEADER = NO;
				SWIFT_VERSION = 5.0;
				TARGETED_DEVICE_FAMILY = 1;
			};
			name = Debug;
		};
		92F37A0B2363534F005FE2AB /* Release */ = {
			isa = XCBuildConfiguration;
			buildSettings = {
				ALWAYS_EMBED_SWIFT_STANDARD_LIBRARIES = YES;
				ASSETCATALOG_COMPILER_APPICON_NAME = AppIcon;
				CODE_SIGN_ENTITLEMENTS = Joli/Joli.entitlements;
				CODE_SIGN_IDENTITY = "Apple Development";
				CODE_SIGN_STYLE = Automatic;
				CURRENT_PROJECT_VERSION = 13;
				DEVELOPMENT_ASSET_PATHS = "\"Joli/Preview Content\"";
				DEVELOPMENT_TEAM = 2L26ZMA265;
				ENABLE_PREVIEWS = YES;
				FRAMEWORK_SEARCH_PATHS = (
					"$(inherited)",
					"$(PROJECT_DIR)",
				);
				INFOPLIST_FILE = Joli/Info.plist;
				IPHONEOS_DEPLOYMENT_TARGET = 14.0;
				LD_RUNPATH_SEARCH_PATHS = (
					"$(inherited)",
					"@executable_path/Frameworks",
				);
				LIBRARY_SEARCH_PATHS = "";
				OTHER_LDFLAGS = (
					"-all_load",
					"-ObjC",
				);
				PRODUCT_BUNDLE_IDENTIFIER = app.jolimc.Joli;
				PRODUCT_NAME = "$(TARGET_NAME)";
				PROVISIONING_PROFILE_SPECIFIER = "";
				STRIP_SWIFT_SYMBOLS = NO;
				SWIFT_INSTALL_OBJC_HEADER = YES;
				SWIFT_OBJC_BRIDGING_HEADER = "Joli-Bridging-Header.h";
				SWIFT_PRECOMPILE_BRIDGING_HEADER = NO;
				SWIFT_VERSION = 5.0;
				TARGETED_DEVICE_FAMILY = 1;
			};
			name = Release;
		};
		92F37A0D2363534F005FE2AB /* Debug */ = {
			isa = XCBuildConfiguration;
			buildSettings = {
				ALWAYS_EMBED_SWIFT_STANDARD_LIBRARIES = YES;
				BUNDLE_LOADER = "$(TEST_HOST)";
				CODE_SIGN_STYLE = Automatic;
				DEVELOPMENT_TEAM = KG87ZUCP4X;
				FRAMEWORK_SEARCH_PATHS = "$(PROJECT_DIR)";
				INFOPLIST_FILE = JoliTests/Info.plist;
				IPHONEOS_DEPLOYMENT_TARGET = 13.1;
				LD_RUNPATH_SEARCH_PATHS = (
					"$(inherited)",
					"@executable_path/Frameworks",
					"@loader_path/Frameworks",
				);
				PRODUCT_BUNDLE_IDENTIFIER = com.jolimc.JoliTests;
				PRODUCT_NAME = "$(TARGET_NAME)";
				SWIFT_OBJC_BRIDGING_HEADER = "Joli-Bridging-Header.h";
				SWIFT_PRECOMPILE_BRIDGING_HEADER = NO;
				SWIFT_VERSION = 5.0;
				TARGETED_DEVICE_FAMILY = "1,2";
				TEST_HOST = "$(BUILT_PRODUCTS_DIR)/Joli.app/Joli";
			};
			name = Debug;
		};
		92F37A0E2363534F005FE2AB /* Release */ = {
			isa = XCBuildConfiguration;
			buildSettings = {
				ALWAYS_EMBED_SWIFT_STANDARD_LIBRARIES = YES;
				BUNDLE_LOADER = "$(TEST_HOST)";
				CODE_SIGN_STYLE = Automatic;
				DEVELOPMENT_TEAM = KG87ZUCP4X;
				FRAMEWORK_SEARCH_PATHS = "$(PROJECT_DIR)";
				INFOPLIST_FILE = JoliTests/Info.plist;
				IPHONEOS_DEPLOYMENT_TARGET = 13.1;
				LD_RUNPATH_SEARCH_PATHS = (
					"$(inherited)",
					"@executable_path/Frameworks",
					"@loader_path/Frameworks",
				);
				PRODUCT_BUNDLE_IDENTIFIER = com.jolimc.JoliTests;
				PRODUCT_NAME = "$(TARGET_NAME)";
				SWIFT_OBJC_BRIDGING_HEADER = "Joli-Bridging-Header.h";
				SWIFT_PRECOMPILE_BRIDGING_HEADER = NO;
				SWIFT_VERSION = 5.0;
				TARGETED_DEVICE_FAMILY = "1,2";
				TEST_HOST = "$(BUILT_PRODUCTS_DIR)/Joli.app/Joli";
			};
			name = Release;
		};
/* End XCBuildConfiguration section */

/* Begin XCConfigurationList section */
		92F379DA2363534D005FE2AB /* Build configuration list for PBXProject "Joli" */ = {
			isa = XCConfigurationList;
			buildConfigurations = (
				92F37A072363534F005FE2AB /* Debug */,
				92F37A082363534F005FE2AB /* Release */,
			);
			defaultConfigurationIsVisible = 0;
			defaultConfigurationName = Release;
		};
		92F37A092363534F005FE2AB /* Build configuration list for PBXNativeTarget "Joli" */ = {
			isa = XCConfigurationList;
			buildConfigurations = (
				92F37A0A2363534F005FE2AB /* Debug */,
				92F37A0B2363534F005FE2AB /* Release */,
			);
			defaultConfigurationIsVisible = 0;
			defaultConfigurationName = Release;
		};
		92F37A0C2363534F005FE2AB /* Build configuration list for PBXNativeTarget "JoliTests" */ = {
			isa = XCConfigurationList;
			buildConfigurations = (
				92F37A0D2363534F005FE2AB /* Debug */,
				92F37A0E2363534F005FE2AB /* Release */,
			);
			defaultConfigurationIsVisible = 0;
			defaultConfigurationName = Release;
		};
/* End XCConfigurationList section */

/* Begin XCRemoteSwiftPackageReference section */
		929BD6D524C4DF9400446DBE /* XCRemoteSwiftPackageReference "LetterAvatarKit" */ = {
			isa = XCRemoteSwiftPackageReference;
			repositoryURL = "https://github.com/vpeschenkov/LetterAvatarKit.git";
			requirement = {
				kind = upToNextMajorVersion;
				minimumVersion = 1.2.3;
			};
		};
		92BCCBE02403FBD5001AEF25 /* XCRemoteSwiftPackageReference "JoliApi" */ = {
			isa = XCRemoteSwiftPackageReference;
			repositoryURL = "https://github.com/achinwo/JoliApi.git";
			requirement = {
				branch = master;
				kind = branch;
			};
		};
		92C258B524939F780035A05B /* XCRemoteSwiftPackageReference "UIImageColors" */ = {
			isa = XCRemoteSwiftPackageReference;
			repositoryURL = "https://github.com/jathu/UIImageColors.git";
			requirement = {
				kind = upToNextMajorVersion;
				minimumVersion = 2.2.0;
			};
		};
		92D4E31724A0A4B400EF32A5 /* XCRemoteSwiftPackageReference "Version" */ = {
			isa = XCRemoteSwiftPackageReference;
			repositoryURL = "https://github.com/mxcl/Version.git";
			requirement = {
				kind = upToNextMajorVersion;
				minimumVersion = 2.0.0;
			};
		};
		92E518CE248EEF3E00722A83 /* XCRemoteSwiftPackageReference "Kingfisher" */ = {
			isa = XCRemoteSwiftPackageReference;
			repositoryURL = "https://github.com/onevcat/Kingfisher.git";
			requirement = {
				kind = upToNextMajorVersion;
				minimumVersion = 5.14.0;
			};
		};
/* End XCRemoteSwiftPackageReference section */

/* Begin XCSwiftPackageProductDependency section */
		929BD6D624C4DF9400446DBE /* LetterAvatarKit */ = {
			isa = XCSwiftPackageProductDependency;
			package = 929BD6D524C4DF9400446DBE /* XCRemoteSwiftPackageReference "LetterAvatarKit" */;
			productName = LetterAvatarKit;
		};
		92BCCBE12403FBD5001AEF25 /* JoliApi */ = {
			isa = XCSwiftPackageProductDependency;
			package = 92BCCBE02403FBD5001AEF25 /* XCRemoteSwiftPackageReference "JoliApi" */;
			productName = JoliApi;
		};
		92C258B624939F780035A05B /* UIImageColors */ = {
			isa = XCSwiftPackageProductDependency;
			package = 92C258B524939F780035A05B /* XCRemoteSwiftPackageReference "UIImageColors" */;
			productName = UIImageColors;
		};
		92D4E31824A0A4B400EF32A5 /* Version */ = {
			isa = XCSwiftPackageProductDependency;
			package = 92D4E31724A0A4B400EF32A5 /* XCRemoteSwiftPackageReference "Version" */;
			productName = Version;
		};
		92E518D1248EEF3E00722A83 /* Kingfisher */ = {
			isa = XCSwiftPackageProductDependency;
			package = 92E518CE248EEF3E00722A83 /* XCRemoteSwiftPackageReference "Kingfisher" */;
			productName = Kingfisher;
		};
/* End XCSwiftPackageProductDependency section */
	};
	rootObject = 92F379D72363534D005FE2AB /* Project object */;
}
